// !$*UTF8*$!
{
	archiveVersion = 1;
	classes = {
	};
	objectVersion = 46;
	objects = {

/* Begin PBXBuildFile section */
		B56BAD4E1CF1C6FE0094FCDE /* HomeViewController.swift in Sources */ = {isa = PBXBuildFile; fileRef = B56BAD4D1CF1C6FE0094FCDE /* HomeViewController.swift */; };
		B56BAD501CF1CE000094FCDE /* MapKit.framework in Frameworks */ = {isa = PBXBuildFile; fileRef = B56BAD4F1CF1CE000094FCDE /* MapKit.framework */; };
		B56BAD571CF1D48E0094FCDE /* restaurantBkg.jpg in Resources */ = {isa = PBXBuildFile; fileRef = B56BAD561CF1D48E0094FCDE /* restaurantBkg.jpg */; };
		B59622DB1CF178CC00973BC6 /* 01.png in Resources */ = {isa = PBXBuildFile; fileRef = B59622CF1CF178CC00973BC6 /* 01.png */; };
		B5B1FF311CF181840033EA09 /* newPledge.png in Resources */ = {isa = PBXBuildFile; fileRef = B5B1FF301CF181840033EA09 /* newPledge.png */; };
		B5B1FF331CF183C60033EA09 /* submitButton.png in Resources */ = {isa = PBXBuildFile; fileRef = B5B1FF321CF183C60033EA09 /* submitButton.png */; };
		B5C393E51CF2A4B400900126 /* RecipeDetailTableViewController.swift in Sources */ = {isa = PBXBuildFile; fileRef = B5C393E41CF2A4B400900126 /* RecipeDetailTableViewController.swift */; };
		B5C393EB1CF2AB2300900126 /* PledgeViewController.swift in Sources */ = {isa = PBXBuildFile; fileRef = B5C393EA1CF2AB2300900126 /* PledgeViewController.swift */; };
		B5C393F11CF2BFF700900126 /* recipe-default-image.jpg in Resources */ = {isa = PBXBuildFile; fileRef = B5C393F01CF2BFF700900126 /* recipe-default-image.jpg */; };
		B5C393F51CF2E7FB00900126 /* SignUpViewController.swift in Sources */ = {isa = PBXBuildFile; fileRef = B5C393F41CF2E7FB00900126 /* SignUpViewController.swift */; };
		B5C394041CF31ED000900126 /* RecipeCell.swift in Sources */ = {isa = PBXBuildFile; fileRef = B5C394021CF31ED000900126 /* RecipeCell.swift */; };
		B5C394051CF31ED100900126 /* RecipeListViewController.swift in Sources */ = {isa = PBXBuildFile; fileRef = B5C394031CF31ED000900126 /* RecipeListViewController.swift */; };
		B5C394071CF31FCB00900126 /* TextField.swift in Sources */ = {isa = PBXBuildFile; fileRef = B5C394061CF31FCB00900126 /* TextField.swift */; };
		B5C3940A1CF3207200900126 /* psw.png in Resources */ = {isa = PBXBuildFile; fileRef = B5C394081CF3207200900126 /* psw.png */; };
		B5C3940B1CF3207200900126 /* user.png in Resources */ = {isa = PBXBuildFile; fileRef = B5C394091CF3207200900126 /* user.png */; };
		B5C394111CF320EC00900126 /* recipe0.jpg in Resources */ = {isa = PBXBuildFile; fileRef = B5C3940C1CF320EC00900126 /* recipe0.jpg */; };
		B5C394121CF320EC00900126 /* recipe1.jpg in Resources */ = {isa = PBXBuildFile; fileRef = B5C3940D1CF320EC00900126 /* recipe1.jpg */; };
		B5C394131CF320EC00900126 /* recipe2.jpg in Resources */ = {isa = PBXBuildFile; fileRef = B5C3940E1CF320EC00900126 /* recipe2.jpg */; };
		B5C394141CF320EC00900126 /* recipe3.jpg in Resources */ = {isa = PBXBuildFile; fileRef = B5C3940F1CF320EC00900126 /* recipe3.jpg */; };
		B5C394151CF320EC00900126 /* recipe4.jpg in Resources */ = {isa = PBXBuildFile; fileRef = B5C394101CF320EC00900126 /* recipe4.jpg */; };
		B5C3941A1CF325A700900126 /* checkIn.png in Resources */ = {isa = PBXBuildFile; fileRef = B5C394161CF325A700900126 /* checkIn.png */; };
		B5C3941B1CF325A700900126 /* myPledge.png in Resources */ = {isa = PBXBuildFile; fileRef = B5C394171CF325A700900126 /* myPledge.png */; };
		B5C3941C1CF325A700900126 /* recipe.png in Resources */ = {isa = PBXBuildFile; fileRef = B5C394181CF325A700900126 /* recipe.png */; };
		B5C3941D1CF325A700900126 /* restaurant.png in Resources */ = {isa = PBXBuildFile; fileRef = B5C394191CF325A700900126 /* restaurant.png */; };
		B5CFC02F1CEF419E00CBA04D /* AppDelegate.swift in Sources */ = {isa = PBXBuildFile; fileRef = B5CFC02E1CEF419E00CBA04D /* AppDelegate.swift */; };
		B5CFC0311CEF419E00CBA04D /* loginViewController.swift in Sources */ = {isa = PBXBuildFile; fileRef = B5CFC0301CEF419E00CBA04D /* loginViewController.swift */; };
		B5CFC0341CEF419E00CBA04D /* Main.storyboard in Resources */ = {isa = PBXBuildFile; fileRef = B5CFC0321CEF419E00CBA04D /* Main.storyboard */; };
		B5CFC0371CEF419E00CBA04D /* Vego.xcdatamodeld in Sources */ = {isa = PBXBuildFile; fileRef = B5CFC0351CEF419E00CBA04D /* Vego.xcdatamodeld */; };
		B5CFC0391CEF419E00CBA04D /* Assets.xcassets in Resources */ = {isa = PBXBuildFile; fileRef = B5CFC0381CEF419E00CBA04D /* Assets.xcassets */; };
		B5CFC03C1CEF419E00CBA04D /* LaunchScreen.storyboard in Resources */ = {isa = PBXBuildFile; fileRef = B5CFC03A1CEF419E00CBA04D /* LaunchScreen.storyboard */; };
		B5CFC0471CEF419E00CBA04D /* VegoTests.swift in Sources */ = {isa = PBXBuildFile; fileRef = B5CFC0461CEF419E00CBA04D /* VegoTests.swift */; };
		B5CFC0521CEF419E00CBA04D /* VegoUITests.swift in Sources */ = {isa = PBXBuildFile; fileRef = B5CFC0511CEF419E00CBA04D /* VegoUITests.swift */; };
		B5CFC0651CEF486800CBA04D /* vego.png in Resources */ = {isa = PBXBuildFile; fileRef = B5CFC0641CEF486800CBA04D /* vego.png */; };
		B5CFC0671CEF51D800CBA04D /* vegoLogin.png in Resources */ = {isa = PBXBuildFile; fileRef = B5CFC0661CEF51D800CBA04D /* vegoLogin.png */; };
		B5CFC0751CF00DDB00CBA04D /* profile.jpg in Resources */ = {isa = PBXBuildFile; fileRef = B5CFC0741CF00DDB00CBA04D /* profile.jpg */; };
		B5CFC08D1CF044A000CBA04D /* pledgeButton2.png in Resources */ = {isa = PBXBuildFile; fileRef = B5CFC08C1CF044A000CBA04D /* pledgeButton2.png */; };
		B5CFC0AA1CF0936F00CBA04D /* co22.png in Resources */ = {isa = PBXBuildFile; fileRef = B5CFC0A61CF0936F00CBA04D /* co22.png */; };
		B5CFC0AB1CF0936F00CBA04D /* fish2.png in Resources */ = {isa = PBXBuildFile; fileRef = B5CFC0A71CF0936F00CBA04D /* fish2.png */; };
		B5CFC0AC1CF0936F00CBA04D /* hen2.png in Resources */ = {isa = PBXBuildFile; fileRef = B5CFC0A81CF0936F00CBA04D /* hen2.png */; };
		B5CFC0AD1CF0936F00CBA04D /* plant2.png in Resources */ = {isa = PBXBuildFile; fileRef = B5CFC0A91CF0936F00CBA04D /* plant2.png */; };
		B5D2499C1CF3ECAA00350B1B /* 02.png in Resources */ = {isa = PBXBuildFile; fileRef = B5D249911CF3ECAA00350B1B /* 02.png */; };
		B5D2499D1CF3ECAA00350B1B /* 03.png in Resources */ = {isa = PBXBuildFile; fileRef = B5D249921CF3ECAA00350B1B /* 03.png */; };
		B5D2499E1CF3ECAA00350B1B /* 04.png in Resources */ = {isa = PBXBuildFile; fileRef = B5D249931CF3ECAA00350B1B /* 04.png */; };
		B5D2499F1CF3ECAA00350B1B /* 05.png in Resources */ = {isa = PBXBuildFile; fileRef = B5D249941CF3ECAA00350B1B /* 05.png */; };
		B5D249A01CF3ECAA00350B1B /* 06.png in Resources */ = {isa = PBXBuildFile; fileRef = B5D249951CF3ECAA00350B1B /* 06.png */; };
		B5D249A11CF3ECAA00350B1B /* 07.png in Resources */ = {isa = PBXBuildFile; fileRef = B5D249961CF3ECAA00350B1B /* 07.png */; };
		B5D249A21CF3ECAA00350B1B /* 08.png in Resources */ = {isa = PBXBuildFile; fileRef = B5D249971CF3ECAA00350B1B /* 08.png */; };
		B5D249A31CF3ECAA00350B1B /* 09.png in Resources */ = {isa = PBXBuildFile; fileRef = B5D249981CF3ECAA00350B1B /* 09.png */; };
		B5D249A41CF3ECAA00350B1B /* 10.png in Resources */ = {isa = PBXBuildFile; fileRef = B5D249991CF3ECAA00350B1B /* 10.png */; };
		B5D249A51CF3ECAA00350B1B /* 11.png in Resources */ = {isa = PBXBuildFile; fileRef = B5D2499A1CF3ECAA00350B1B /* 11.png */; };
		B5D249A61CF3ECAA00350B1B /* 12.png in Resources */ = {isa = PBXBuildFile; fileRef = B5D2499B1CF3ECAA00350B1B /* 12.png */; };
		B5D249A81CF3ED4600350B1B /* addPledgeViewController.swift in Sources */ = {isa = PBXBuildFile; fileRef = B5D249A71CF3ED4600350B1B /* addPledgeViewController.swift */; };
		B5D249AA1CF3EF1900350B1B /* daysF.png in Resources */ = {isa = PBXBuildFile; fileRef = B5D249A91CF3EF1900350B1B /* daysF.png */; };
/* End PBXBuildFile section */

/* Begin PBXContainerItemProxy section */
		B5CFC0431CEF419E00CBA04D /* PBXContainerItemProxy */ = {
			isa = PBXContainerItemProxy;
			containerPortal = B5CFC0231CEF419E00CBA04D /* Project object */;
			proxyType = 1;
			remoteGlobalIDString = B5CFC02A1CEF419E00CBA04D;
			remoteInfo = Vego;
		};
		B5CFC04E1CEF419E00CBA04D /* PBXContainerItemProxy */ = {
			isa = PBXContainerItemProxy;
			containerPortal = B5CFC0231CEF419E00CBA04D /* Project object */;
			proxyType = 1;
			remoteGlobalIDString = B5CFC02A1CEF419E00CBA04D;
			remoteInfo = Vego;
		};
/* End PBXContainerItemProxy section */

/* Begin PBXFileReference section */
		B56BAD4D1CF1C6FE0094FCDE /* HomeViewController.swift */ = {isa = PBXFileReference; fileEncoding = 4; lastKnownFileType = sourcecode.swift; path = HomeViewController.swift; sourceTree = "<group>"; };
		B56BAD4F1CF1CE000094FCDE /* MapKit.framework */ = {isa = PBXFileReference; lastKnownFileType = wrapper.framework; name = MapKit.framework; path = System/Library/Frameworks/MapKit.framework; sourceTree = SDKROOT; };
		B56BAD561CF1D48E0094FCDE /* restaurantBkg.jpg */ = {isa = PBXFileReference; lastKnownFileType = image.jpeg; path = restaurantBkg.jpg; sourceTree = "<group>"; };
		B59622CF1CF178CC00973BC6 /* 01.png */ = {isa = PBXFileReference; lastKnownFileType = image.png; path = 01.png; sourceTree = "<group>"; };
		B5B1FF301CF181840033EA09 /* newPledge.png */ = {isa = PBXFileReference; lastKnownFileType = image.png; path = newPledge.png; sourceTree = "<group>"; };
		B5B1FF321CF183C60033EA09 /* submitButton.png */ = {isa = PBXFileReference; lastKnownFileType = image.png; path = submitButton.png; sourceTree = "<group>"; };
		B5C393E41CF2A4B400900126 /* RecipeDetailTableViewController.swift */ = {isa = PBXFileReference; fileEncoding = 4; lastKnownFileType = sourcecode.swift; path = RecipeDetailTableViewController.swift; sourceTree = "<group>"; };
		B5C393EA1CF2AB2300900126 /* PledgeViewController.swift */ = {isa = PBXFileReference; fileEncoding = 4; lastKnownFileType = sourcecode.swift; path = PledgeViewController.swift; sourceTree = "<group>"; };
		B5C393F01CF2BFF700900126 /* recipe-default-image.jpg */ = {isa = PBXFileReference; lastKnownFileType = image.jpeg; path = "recipe-default-image.jpg"; sourceTree = "<group>"; };
		B5C393F41CF2E7FB00900126 /* SignUpViewController.swift */ = {isa = PBXFileReference; fileEncoding = 4; lastKnownFileType = sourcecode.swift; path = SignUpViewController.swift; sourceTree = "<group>"; };
		B5C394021CF31ED000900126 /* RecipeCell.swift */ = {isa = PBXFileReference; fileEncoding = 4; lastKnownFileType = sourcecode.swift; name = RecipeCell.swift; path = ../RecipeCell.swift; sourceTree = "<group>"; };
		B5C394031CF31ED000900126 /* RecipeListViewController.swift */ = {isa = PBXFileReference; fileEncoding = 4; lastKnownFileType = sourcecode.swift; name = RecipeListViewController.swift; path = ../RecipeListViewController.swift; sourceTree = "<group>"; };
		B5C394061CF31FCB00900126 /* TextField.swift */ = {isa = PBXFileReference; fileEncoding = 4; lastKnownFileType = sourcecode.swift; path = TextField.swift; sourceTree = "<group>"; };
		B5C394081CF3207200900126 /* psw.png */ = {isa = PBXFileReference; lastKnownFileType = image.png; path = psw.png; sourceTree = "<group>"; };
		B5C394091CF3207200900126 /* user.png */ = {isa = PBXFileReference; lastKnownFileType = image.png; path = user.png; sourceTree = "<group>"; };
		B5C3940C1CF320EC00900126 /* recipe0.jpg */ = {isa = PBXFileReference; lastKnownFileType = image.jpeg; path = recipe0.jpg; sourceTree = "<group>"; };
		B5C3940D1CF320EC00900126 /* recipe1.jpg */ = {isa = PBXFileReference; lastKnownFileType = image.jpeg; path = recipe1.jpg; sourceTree = "<group>"; };
		B5C3940E1CF320EC00900126 /* recipe2.jpg */ = {isa = PBXFileReference; lastKnownFileType = image.jpeg; path = recipe2.jpg; sourceTree = "<group>"; };
		B5C3940F1CF320EC00900126 /* recipe3.jpg */ = {isa = PBXFileReference; lastKnownFileType = image.jpeg; path = recipe3.jpg; sourceTree = "<group>"; };
		B5C394101CF320EC00900126 /* recipe4.jpg */ = {isa = PBXFileReference; lastKnownFileType = image.jpeg; path = recipe4.jpg; sourceTree = "<group>"; };
		B5C394161CF325A700900126 /* checkIn.png */ = {isa = PBXFileReference; lastKnownFileType = image.png; path = checkIn.png; sourceTree = "<group>"; };
		B5C394171CF325A700900126 /* myPledge.png */ = {isa = PBXFileReference; lastKnownFileType = image.png; path = myPledge.png; sourceTree = "<group>"; };
		B5C394181CF325A700900126 /* recipe.png */ = {isa = PBXFileReference; lastKnownFileType = image.png; path = recipe.png; sourceTree = "<group>"; };
		B5C394191CF325A700900126 /* restaurant.png */ = {isa = PBXFileReference; lastKnownFileType = image.png; path = restaurant.png; sourceTree = "<group>"; };
		B5CFC02B1CEF419E00CBA04D /* Vego.app */ = {isa = PBXFileReference; explicitFileType = wrapper.application; includeInIndex = 0; path = Vego.app; sourceTree = BUILT_PRODUCTS_DIR; };
		B5CFC02E1CEF419E00CBA04D /* AppDelegate.swift */ = {isa = PBXFileReference; lastKnownFileType = sourcecode.swift; path = AppDelegate.swift; sourceTree = "<group>"; };
		B5CFC0301CEF419E00CBA04D /* loginViewController.swift */ = {isa = PBXFileReference; lastKnownFileType = sourcecode.swift; path = loginViewController.swift; sourceTree = "<group>"; };
		B5CFC0331CEF419E00CBA04D /* Base */ = {isa = PBXFileReference; lastKnownFileType = file.storyboard; name = Base; path = Base.lproj/Main.storyboard; sourceTree = "<group>"; };
		B5CFC0361CEF419E00CBA04D /* Vego.xcdatamodel */ = {isa = PBXFileReference; lastKnownFileType = wrapper.xcdatamodel; path = Vego.xcdatamodel; sourceTree = "<group>"; };
		B5CFC0381CEF419E00CBA04D /* Assets.xcassets */ = {isa = PBXFileReference; lastKnownFileType = folder.assetcatalog; path = Assets.xcassets; sourceTree = "<group>"; };
		B5CFC03B1CEF419E00CBA04D /* Base */ = {isa = PBXFileReference; lastKnownFileType = file.storyboard; name = Base; path = Base.lproj/LaunchScreen.storyboard; sourceTree = "<group>"; };
		B5CFC03D1CEF419E00CBA04D /* Info.plist */ = {isa = PBXFileReference; lastKnownFileType = text.plist.xml; path = Info.plist; sourceTree = "<group>"; };
		B5CFC0421CEF419E00CBA04D /* VegoTests.xctest */ = {isa = PBXFileReference; explicitFileType = wrapper.cfbundle; includeInIndex = 0; path = VegoTests.xctest; sourceTree = BUILT_PRODUCTS_DIR; };
		B5CFC0461CEF419E00CBA04D /* VegoTests.swift */ = {isa = PBXFileReference; lastKnownFileType = sourcecode.swift; path = VegoTests.swift; sourceTree = "<group>"; };
		B5CFC0481CEF419E00CBA04D /* Info.plist */ = {isa = PBXFileReference; lastKnownFileType = text.plist.xml; path = Info.plist; sourceTree = "<group>"; };
		B5CFC04D1CEF419E00CBA04D /* VegoUITests.xctest */ = {isa = PBXFileReference; explicitFileType = wrapper.cfbundle; includeInIndex = 0; path = VegoUITests.xctest; sourceTree = BUILT_PRODUCTS_DIR; };
		B5CFC0511CEF419E00CBA04D /* VegoUITests.swift */ = {isa = PBXFileReference; lastKnownFileType = sourcecode.swift; path = VegoUITests.swift; sourceTree = "<group>"; };
		B5CFC0531CEF419E00CBA04D /* Info.plist */ = {isa = PBXFileReference; lastKnownFileType = text.plist.xml; path = Info.plist; sourceTree = "<group>"; };
		B5CFC0641CEF486800CBA04D /* vego.png */ = {isa = PBXFileReference; lastKnownFileType = image.png; path = vego.png; sourceTree = "<group>"; };
		B5CFC0661CEF51D800CBA04D /* vegoLogin.png */ = {isa = PBXFileReference; lastKnownFileType = image.png; path = vegoLogin.png; sourceTree = "<group>"; };
		B5CFC0741CF00DDB00CBA04D /* profile.jpg */ = {isa = PBXFileReference; lastKnownFileType = image.jpeg; path = profile.jpg; sourceTree = "<group>"; };
		B5CFC08C1CF044A000CBA04D /* pledgeButton2.png */ = {isa = PBXFileReference; lastKnownFileType = image.png; path = pledgeButton2.png; sourceTree = "<group>"; };
		B5CFC0A61CF0936F00CBA04D /* co22.png */ = {isa = PBXFileReference; lastKnownFileType = image.png; path = co22.png; sourceTree = "<group>"; };
		B5CFC0A71CF0936F00CBA04D /* fish2.png */ = {isa = PBXFileReference; lastKnownFileType = image.png; path = fish2.png; sourceTree = "<group>"; };
		B5CFC0A81CF0936F00CBA04D /* hen2.png */ = {isa = PBXFileReference; lastKnownFileType = image.png; path = hen2.png; sourceTree = "<group>"; };
		B5CFC0A91CF0936F00CBA04D /* plant2.png */ = {isa = PBXFileReference; lastKnownFileType = image.png; path = plant2.png; sourceTree = "<group>"; };
		B5D249911CF3ECAA00350B1B /* 02.png */ = {isa = PBXFileReference; lastKnownFileType = image.png; path = 02.png; sourceTree = "<group>"; };
		B5D249921CF3ECAA00350B1B /* 03.png */ = {isa = PBXFileReference; lastKnownFileType = image.png; path = 03.png; sourceTree = "<group>"; };
		B5D249931CF3ECAA00350B1B /* 04.png */ = {isa = PBXFileReference; lastKnownFileType = image.png; path = 04.png; sourceTree = "<group>"; };
		B5D249941CF3ECAA00350B1B /* 05.png */ = {isa = PBXFileReference; lastKnownFileType = image.png; path = 05.png; sourceTree = "<group>"; };
		B5D249951CF3ECAA00350B1B /* 06.png */ = {isa = PBXFileReference; lastKnownFileType = image.png; path = 06.png; sourceTree = "<group>"; };
		B5D249961CF3ECAA00350B1B /* 07.png */ = {isa = PBXFileReference; lastKnownFileType = image.png; path = 07.png; sourceTree = "<group>"; };
		B5D249971CF3ECAA00350B1B /* 08.png */ = {isa = PBXFileReference; lastKnownFileType = image.png; path = 08.png; sourceTree = "<group>"; };
		B5D249981CF3ECAA00350B1B /* 09.png */ = {isa = PBXFileReference; lastKnownFileType = image.png; path = 09.png; sourceTree = "<group>"; };
		B5D249991CF3ECAA00350B1B /* 10.png */ = {isa = PBXFileReference; lastKnownFileType = image.png; path = 10.png; sourceTree = "<group>"; };
		B5D2499A1CF3ECAA00350B1B /* 11.png */ = {isa = PBXFileReference; lastKnownFileType = image.png; path = 11.png; sourceTree = "<group>"; };
		B5D2499B1CF3ECAA00350B1B /* 12.png */ = {isa = PBXFileReference; lastKnownFileType = image.png; path = 12.png; sourceTree = "<group>"; };
		B5D249A71CF3ED4600350B1B /* addPledgeViewController.swift */ = {isa = PBXFileReference; fileEncoding = 4; lastKnownFileType = sourcecode.swift; path = addPledgeViewController.swift; sourceTree = "<group>"; };
		B5D249A91CF3EF1900350B1B /* daysF.png */ = {isa = PBXFileReference; lastKnownFileType = image.png; path = daysF.png; sourceTree = "<group>"; };
/* End PBXFileReference section */

/* Begin PBXFrameworksBuildPhase section */
		B5CFC0281CEF419E00CBA04D /* Frameworks */ = {
			isa = PBXFrameworksBuildPhase;
			buildActionMask = 2147483647;
			files = (
				B56BAD501CF1CE000094FCDE /* MapKit.framework in Frameworks */,
			);
			runOnlyForDeploymentPostprocessing = 0;
		};
		B5CFC03F1CEF419E00CBA04D /* Frameworks */ = {
			isa = PBXFrameworksBuildPhase;
			buildActionMask = 2147483647;
			files = (
			);
			runOnlyForDeploymentPostprocessing = 0;
		};
		B5CFC04A1CEF419E00CBA04D /* Frameworks */ = {
			isa = PBXFrameworksBuildPhase;
			buildActionMask = 2147483647;
			files = (
			);
			runOnlyForDeploymentPostprocessing = 0;
		};
/* End PBXFrameworksBuildPhase section */

/* Begin PBXGroup section */
		B56BAD511CF1D1B20094FCDE /* restaurantDetail */ = {
			isa = PBXGroup;
			children = (
				B56BAD561CF1D48E0094FCDE /* restaurantBkg.jpg */,
			);
			name = restaurantDetail;
			sourceTree = "<group>";
		};
		B5C393EC1CF2BFD100900126 /* recipeDetail */ = {
			isa = PBXGroup;
			children = (
				B5C3940C1CF320EC00900126 /* recipe0.jpg */,
				B5C3940D1CF320EC00900126 /* recipe1.jpg */,
				B5C3940E1CF320EC00900126 /* recipe2.jpg */,
				B5C3940F1CF320EC00900126 /* recipe3.jpg */,
				B5C394101CF320EC00900126 /* recipe4.jpg */,
				B5C393F01CF2BFF700900126 /* recipe-default-image.jpg */,
			);
			name = recipeDetail;
			sourceTree = "<group>";
		};
		B5CFC0221CEF419E00CBA04D = {
			isa = PBXGroup;
			children = (
				B56BAD4F1CF1CE000094FCDE /* MapKit.framework */,
				B5CFC05F1CEF436D00CBA04D /* pictures */,
				B5CFC02D1CEF419E00CBA04D /* Vego */,
				B5CFC0451CEF419E00CBA04D /* VegoTests */,
				B5CFC0501CEF419E00CBA04D /* VegoUITests */,
				B5CFC02C1CEF419E00CBA04D /* Products */,
			);
			sourceTree = "<group>";
		};
		B5CFC02C1CEF419E00CBA04D /* Products */ = {
			isa = PBXGroup;
			children = (
				B5CFC02B1CEF419E00CBA04D /* Vego.app */,
				B5CFC0421CEF419E00CBA04D /* VegoTests.xctest */,
				B5CFC04D1CEF419E00CBA04D /* VegoUITests.xctest */,
			);
			name = Products;
			sourceTree = "<group>";
		};
		B5CFC02D1CEF419E00CBA04D /* Vego */ = {
			isa = PBXGroup;
			children = (
				B5CFC02E1CEF419E00CBA04D /* AppDelegate.swift */,
				B5CFC0321CEF419E00CBA04D /* Main.storyboard */,
				B5CFC0381CEF419E00CBA04D /* Assets.xcassets */,
				B5CFC03A1CEF419E00CBA04D /* LaunchScreen.storyboard */,
				B5CFC03D1CEF419E00CBA04D /* Info.plist */,
				B5CFC0351CEF419E00CBA04D /* Vego.xcdatamodeld */,
				B5C394061CF31FCB00900126 /* TextField.swift */,
				B5CFC0301CEF419E00CBA04D /* loginViewController.swift */,
				B56BAD4D1CF1C6FE0094FCDE /* HomeViewController.swift */,
				B5C393EA1CF2AB2300900126 /* PledgeViewController.swift */,
				B5C393F41CF2E7FB00900126 /* SignUpViewController.swift */,
				B5C393E41CF2A4B400900126 /* RecipeDetailTableViewController.swift */,
				B5C394031CF31ED000900126 /* RecipeListViewController.swift */,
				B5C394021CF31ED000900126 /* RecipeCell.swift */,
				B5D249A71CF3ED4600350B1B /* addPledgeViewController.swift */,
			);
			path = Vego;
			sourceTree = "<group>";
		};
		B5CFC0451CEF419E00CBA04D /* VegoTests */ = {
			isa = PBXGroup;
			children = (
				B5CFC0461CEF419E00CBA04D /* VegoTests.swift */,
				B5CFC0481CEF419E00CBA04D /* Info.plist */,
			);
			path = VegoTests;
			sourceTree = "<group>";
		};
		B5CFC0501CEF419E00CBA04D /* VegoUITests */ = {
			isa = PBXGroup;
			children = (
				B5CFC0511CEF419E00CBA04D /* VegoUITests.swift */,
				B5CFC0531CEF419E00CBA04D /* Info.plist */,
			);
			path = VegoUITests;
			sourceTree = "<group>";
		};
		B5CFC05F1CEF436D00CBA04D /* pictures */ = {
			isa = PBXGroup;
			children = (
				B5C393EC1CF2BFD100900126 /* recipeDetail */,
				B56BAD511CF1D1B20094FCDE /* restaurantDetail */,
				B5CFC0AE1CF1618B00CBA04D /* addPledgePage */,
				B5CFC0C91CF1619F00CBA04D /* pledgePage */,
				B5CFC0CA1CF161DA00CBA04D /* menuPage */,
				B5CFC0CB1CF161ED00CBA04D /* loginPage */,
			);
			name = pictures;
			sourceTree = "<group>";
		};
		B5CFC0AE1CF1618B00CBA04D /* addPledgePage */ = {
			isa = PBXGroup;
			children = (
				B5B1FF321CF183C60033EA09 /* submitButton.png */,
				B5D249A91CF3EF1900350B1B /* daysF.png */,
				B5D249911CF3ECAA00350B1B /* 02.png */,
				B5D249921CF3ECAA00350B1B /* 03.png */,
				B5D249931CF3ECAA00350B1B /* 04.png */,
				B5D249941CF3ECAA00350B1B /* 05.png */,
				B5D249951CF3ECAA00350B1B /* 06.png */,
				B5D249961CF3ECAA00350B1B /* 07.png */,
				B5D249971CF3ECAA00350B1B /* 08.png */,
				B5D249981CF3ECAA00350B1B /* 09.png */,
				B5D249991CF3ECAA00350B1B /* 10.png */,
				B5D2499A1CF3ECAA00350B1B /* 11.png */,
				B5D2499B1CF3ECAA00350B1B /* 12.png */,
				B59622CF1CF178CC00973BC6 /* 01.png */,
			);
			name = addPledgePage;
			sourceTree = "<group>";
		};
		B5CFC0C91CF1619F00CBA04D /* pledgePage */ = {
			isa = PBXGroup;
			children = (
				B5B1FF301CF181840033EA09 /* newPledge.png */,
				B5CFC0A61CF0936F00CBA04D /* co22.png */,
				B5CFC0A71CF0936F00CBA04D /* fish2.png */,
				B5CFC0A81CF0936F00CBA04D /* hen2.png */,
				B5CFC0A91CF0936F00CBA04D /* plant2.png */,
			);
			name = pledgePage;
			sourceTree = "<group>";
		};
		B5CFC0CA1CF161DA00CBA04D /* menuPage */ = {
			isa = PBXGroup;
			children = (
				B5C394161CF325A700900126 /* checkIn.png */,
				B5C394171CF325A700900126 /* myPledge.png */,
				B5C394181CF325A700900126 /* recipe.png */,
				B5C394191CF325A700900126 /* restaurant.png */,
				B5CFC08C1CF044A000CBA04D /* pledgeButton2.png */,
				B5CFC0741CF00DDB00CBA04D /* profile.jpg */,
			);
			name = menuPage;
			sourceTree = "<group>";
		};
		B5CFC0CB1CF161ED00CBA04D /* loginPage */ = {
			isa = PBXGroup;
			children = (
				B5C394081CF3207200900126 /* psw.png */,
				B5C394091CF3207200900126 /* user.png */,
				B5CFC0661CEF51D800CBA04D /* vegoLogin.png */,
				B5CFC0641CEF486800CBA04D /* vego.png */,
			);
			name = loginPage;
			sourceTree = "<group>";
		};
/* End PBXGroup section */

/* Begin PBXNativeTarget section */
		B5CFC02A1CEF419E00CBA04D /* Vego */ = {
			isa = PBXNativeTarget;
			buildConfigurationList = B5CFC0561CEF419E00CBA04D /* Build configuration list for PBXNativeTarget "Vego" */;
			buildPhases = (
				B5CFC0271CEF419E00CBA04D /* Sources */,
				B5CFC0281CEF419E00CBA04D /* Frameworks */,
				B5CFC0291CEF419E00CBA04D /* Resources */,
			);
			buildRules = (
			);
			dependencies = (
			);
			name = Vego;
			productName = Vego;
			productReference = B5CFC02B1CEF419E00CBA04D /* Vego.app */;
			productType = "com.apple.product-type.application";
		};
		B5CFC0411CEF419E00CBA04D /* VegoTests */ = {
			isa = PBXNativeTarget;
			buildConfigurationList = B5CFC0591CEF419E00CBA04D /* Build configuration list for PBXNativeTarget "VegoTests" */;
			buildPhases = (
				B5CFC03E1CEF419E00CBA04D /* Sources */,
				B5CFC03F1CEF419E00CBA04D /* Frameworks */,
				B5CFC0401CEF419E00CBA04D /* Resources */,
			);
			buildRules = (
			);
			dependencies = (
				B5CFC0441CEF419E00CBA04D /* PBXTargetDependency */,
			);
			name = VegoTests;
			productName = VegoTests;
			productReference = B5CFC0421CEF419E00CBA04D /* VegoTests.xctest */;
			productType = "com.apple.product-type.bundle.unit-test";
		};
		B5CFC04C1CEF419E00CBA04D /* VegoUITests */ = {
			isa = PBXNativeTarget;
			buildConfigurationList = B5CFC05C1CEF419E00CBA04D /* Build configuration list for PBXNativeTarget "VegoUITests" */;
			buildPhases = (
				B5CFC0491CEF419E00CBA04D /* Sources */,
				B5CFC04A1CEF419E00CBA04D /* Frameworks */,
				B5CFC04B1CEF419E00CBA04D /* Resources */,
			);
			buildRules = (
			);
			dependencies = (
				B5CFC04F1CEF419E00CBA04D /* PBXTargetDependency */,
			);
			name = VegoUITests;
			productName = VegoUITests;
			productReference = B5CFC04D1CEF419E00CBA04D /* VegoUITests.xctest */;
			productType = "com.apple.product-type.bundle.ui-testing";
		};
/* End PBXNativeTarget section */

/* Begin PBXProject section */
		B5CFC0231CEF419E00CBA04D /* Project object */ = {
			isa = PBXProject;
			attributes = {
				LastSwiftUpdateCheck = 0730;
				LastUpgradeCheck = 0730;
				ORGANIZATIONNAME = "Yanhong Ben";
				TargetAttributes = {
					B5CFC02A1CEF419E00CBA04D = {
						CreatedOnToolsVersion = 7.3.1;
						DevelopmentTeam = 58H53XTPZ4;
					};
					B5CFC0411CEF419E00CBA04D = {
						CreatedOnToolsVersion = 7.3.1;
						DevelopmentTeam = 58H53XTPZ4;
						TestTargetID = B5CFC02A1CEF419E00CBA04D;
					};
					B5CFC04C1CEF419E00CBA04D = {
						CreatedOnToolsVersion = 7.3.1;
						DevelopmentTeam = 58H53XTPZ4;
						TestTargetID = B5CFC02A1CEF419E00CBA04D;
					};
				};
			};
			buildConfigurationList = B5CFC0261CEF419E00CBA04D /* Build configuration list for PBXProject "Vego" */;
			compatibilityVersion = "Xcode 3.2";
			developmentRegion = English;
			hasScannedForEncodings = 0;
			knownRegions = (
				en,
				Base,
			);
			mainGroup = B5CFC0221CEF419E00CBA04D;
			productRefGroup = B5CFC02C1CEF419E00CBA04D /* Products */;
			projectDirPath = "";
			projectRoot = "";
			targets = (
				B5CFC02A1CEF419E00CBA04D /* Vego */,
				B5CFC0411CEF419E00CBA04D /* VegoTests */,
				B5CFC04C1CEF419E00CBA04D /* VegoUITests */,
			);
		};
/* End PBXProject section */

/* Begin PBXResourcesBuildPhase section */
		B5CFC0291CEF419E00CBA04D /* Resources */ = {
			isa = PBXResourcesBuildPhase;
			buildActionMask = 2147483647;
			files = (
				B5D249A61CF3ECAA00350B1B /* 12.png in Resources */,
				B5CFC0AA1CF0936F00CBA04D /* co22.png in Resources */,
				B59622DB1CF178CC00973BC6 /* 01.png in Resources */,
				B5D249A41CF3ECAA00350B1B /* 10.png in Resources */,
				B5D249A11CF3ECAA00350B1B /* 07.png in Resources */,
				B5CFC0AC1CF0936F00CBA04D /* hen2.png in Resources */,
				B5C3940A1CF3207200900126 /* psw.png in Resources */,
				B5B1FF311CF181840033EA09 /* newPledge.png in Resources */,
				B5CFC0AB1CF0936F00CBA04D /* fish2.png in Resources */,
				B5C3941B1CF325A700900126 /* myPledge.png in Resources */,
				B5D249AA1CF3EF1900350B1B /* daysF.png in Resources */,
				B5D2499E1CF3ECAA00350B1B /* 04.png in Resources */,
				B5C3941D1CF325A700900126 /* restaurant.png in Resources */,
				B5D249A31CF3ECAA00350B1B /* 09.png in Resources */,
				B5C3940B1CF3207200900126 /* user.png in Resources */,
				B5CFC03C1CEF419E00CBA04D /* LaunchScreen.storyboard in Resources */,
				B5D2499D1CF3ECAA00350B1B /* 03.png in Resources */,
				B5D2499C1CF3ECAA00350B1B /* 02.png in Resources */,
				B5C394151CF320EC00900126 /* recipe4.jpg in Resources */,
				B5CFC0751CF00DDB00CBA04D /* profile.jpg in Resources */,
				B5CFC0651CEF486800CBA04D /* vego.png in Resources */,
				B5C394131CF320EC00900126 /* recipe2.jpg in Resources */,
				B56BAD571CF1D48E0094FCDE /* restaurantBkg.jpg in Resources */,
				B5B1FF331CF183C60033EA09 /* submitButton.png in Resources */,
				B5D249A21CF3ECAA00350B1B /* 08.png in Resources */,
				B5D249A01CF3ECAA00350B1B /* 06.png in Resources */,
				B5C393F11CF2BFF700900126 /* recipe-default-image.jpg in Resources */,
				B5C394111CF320EC00900126 /* recipe0.jpg in Resources */,
				B5CFC0391CEF419E00CBA04D /* Assets.xcassets in Resources */,
				B5D249A51CF3ECAA00350B1B /* 11.png in Resources */,
				B5CFC0341CEF419E00CBA04D /* Main.storyboard in Resources */,
				B5CFC0671CEF51D800CBA04D /* vegoLogin.png in Resources */,
				B5C3941A1CF325A700900126 /* checkIn.png in Resources */,
				B5CFC0AD1CF0936F00CBA04D /* plant2.png in Resources */,
				B5C3941C1CF325A700900126 /* recipe.png in Resources */,
				B5C394121CF320EC00900126 /* recipe1.jpg in Resources */,
				B5CFC08D1CF044A000CBA04D /* pledgeButton2.png in Resources */,
				B5D2499F1CF3ECAA00350B1B /* 05.png in Resources */,
				B5C394141CF320EC00900126 /* recipe3.jpg in Resources */,
			);
			runOnlyForDeploymentPostprocessing = 0;
		};
		B5CFC0401CEF419E00CBA04D /* Resources */ = {
			isa = PBXResourcesBuildPhase;
			buildActionMask = 2147483647;
			files = (
			);
			runOnlyForDeploymentPostprocessing = 0;
		};
		B5CFC04B1CEF419E00CBA04D /* Resources */ = {
			isa = PBXResourcesBuildPhase;
			buildActionMask = 2147483647;
			files = (
			);
			runOnlyForDeploymentPostprocessing = 0;
		};
/* End PBXResourcesBuildPhase section */

/* Begin PBXSourcesBuildPhase section */
		B5CFC0271CEF419E00CBA04D /* Sources */ = {
			isa = PBXSourcesBuildPhase;
			buildActionMask = 2147483647;
			files = (
				B5CFC0371CEF419E00CBA04D /* Vego.xcdatamodeld in Sources */,
				B5D249A81CF3ED4600350B1B /* addPledgeViewController.swift in Sources */,
				B5C393F51CF2E7FB00900126 /* SignUpViewController.swift in Sources */,
				B5C394051CF31ED100900126 /* RecipeListViewController.swift in Sources */,
				B5C394071CF31FCB00900126 /* TextField.swift in Sources */,
				B5CFC0311CEF419E00CBA04D /* loginViewController.swift in Sources */,
				B5C394041CF31ED000900126 /* RecipeCell.swift in Sources */,
				B5CFC02F1CEF419E00CBA04D /* AppDelegate.swift in Sources */,
				B5C393EB1CF2AB2300900126 /* PledgeViewController.swift in Sources */,
				B56BAD4E1CF1C6FE0094FCDE /* HomeViewController.swift in Sources */,
				B5C393E51CF2A4B400900126 /* RecipeDetailTableViewController.swift in Sources */,
			);
			runOnlyForDeploymentPostprocessing = 0;
		};
		B5CFC03E1CEF419E00CBA04D /* Sources */ = {
			isa = PBXSourcesBuildPhase;
			buildActionMask = 2147483647;
			files = (
				B5CFC0471CEF419E00CBA04D /* VegoTests.swift in Sources */,
			);
			runOnlyForDeploymentPostprocessing = 0;
		};
		B5CFC0491CEF419E00CBA04D /* Sources */ = {
			isa = PBXSourcesBuildPhase;
			buildActionMask = 2147483647;
			files = (
				B5CFC0521CEF419E00CBA04D /* VegoUITests.swift in Sources */,
			);
			runOnlyForDeploymentPostprocessing = 0;
		};
/* End PBXSourcesBuildPhase section */

/* Begin PBXTargetDependency section */
		B5CFC0441CEF419E00CBA04D /* PBXTargetDependency */ = {
			isa = PBXTargetDependency;
			target = B5CFC02A1CEF419E00CBA04D /* Vego */;
			targetProxy = B5CFC0431CEF419E00CBA04D /* PBXContainerItemProxy */;
		};
		B5CFC04F1CEF419E00CBA04D /* PBXTargetDependency */ = {
			isa = PBXTargetDependency;
			target = B5CFC02A1CEF419E00CBA04D /* Vego */;
			targetProxy = B5CFC04E1CEF419E00CBA04D /* PBXContainerItemProxy */;
		};
/* End PBXTargetDependency section */

/* Begin PBXVariantGroup section */
		B5CFC0321CEF419E00CBA04D /* Main.storyboard */ = {
			isa = PBXVariantGroup;
			children = (
				B5CFC0331CEF419E00CBA04D /* Base */,
			);
			name = Main.storyboard;
			sourceTree = "<group>";
		};
		B5CFC03A1CEF419E00CBA04D /* LaunchScreen.storyboard */ = {
			isa = PBXVariantGroup;
			children = (
				B5CFC03B1CEF419E00CBA04D /* Base */,
			);
			name = LaunchScreen.storyboard;
			sourceTree = "<group>";
		};
/* End PBXVariantGroup section */

/* Begin XCBuildConfiguration section */
		B5CFC0541CEF419E00CBA04D /* Debug */ = {
			isa = XCBuildConfiguration;
			buildSettings = {
				ALWAYS_SEARCH_USER_PATHS = NO;
				CLANG_ANALYZER_NONNULL = YES;
				CLANG_CXX_LANGUAGE_STANDARD = "gnu++0x";
				CLANG_CXX_LIBRARY = "libc++";
				CLANG_ENABLE_MODULES = YES;
				CLANG_ENABLE_OBJC_ARC = YES;
				CLANG_WARN_BOOL_CONVERSION = YES;
				CLANG_WARN_CONSTANT_CONVERSION = YES;
				CLANG_WARN_DIRECT_OBJC_ISA_USAGE = YES_ERROR;
				CLANG_WARN_EMPTY_BODY = YES;
				CLANG_WARN_ENUM_CONVERSION = YES;
				CLANG_WARN_INT_CONVERSION = YES;
				CLANG_WARN_OBJC_ROOT_CLASS = YES_ERROR;
				CLANG_WARN_UNREACHABLE_CODE = YES;
				CLANG_WARN__DUPLICATE_METHOD_MATCH = YES;
				"CODE_SIGN_IDENTITY[sdk=iphoneos*]" = "iPhone Developer";
				COPY_PHASE_STRIP = NO;
				DEBUG_INFORMATION_FORMAT = dwarf;
				ENABLE_STRICT_OBJC_MSGSEND = YES;
				ENABLE_TESTABILITY = YES;
				GCC_C_LANGUAGE_STANDARD = gnu99;
				GCC_DYNAMIC_NO_PIC = NO;
				GCC_NO_COMMON_BLOCKS = YES;
				GCC_OPTIMIZATION_LEVEL = 0;
				GCC_PREPROCESSOR_DEFINITIONS = (
					"DEBUG=1",
					"$(inherited)",
				);
				GCC_WARN_64_TO_32_BIT_CONVERSION = YES;
				GCC_WARN_ABOUT_RETURN_TYPE = YES_ERROR;
				GCC_WARN_UNDECLARED_SELECTOR = YES;
				GCC_WARN_UNINITIALIZED_AUTOS = YES_AGGRESSIVE;
				GCC_WARN_UNUSED_FUNCTION = YES;
				GCC_WARN_UNUSED_VARIABLE = YES;
				IPHONEOS_DEPLOYMENT_TARGET = 9.3;
				MTL_ENABLE_DEBUG_INFO = YES;
				ONLY_ACTIVE_ARCH = YES;
				SDKROOT = iphoneos;
				SWIFT_OPTIMIZATION_LEVEL = "-Onone";
			};
			name = Debug;
		};
		B5CFC0551CEF419E00CBA04D /* Release */ = {
			isa = XCBuildConfiguration;
			buildSettings = {
				ALWAYS_SEARCH_USER_PATHS = NO;
				CLANG_ANALYZER_NONNULL = YES;
				CLANG_CXX_LANGUAGE_STANDARD = "gnu++0x";
				CLANG_CXX_LIBRARY = "libc++";
				CLANG_ENABLE_MODULES = YES;
				CLANG_ENABLE_OBJC_ARC = YES;
				CLANG_WARN_BOOL_CONVERSION = YES;
				CLANG_WARN_CONSTANT_CONVERSION = YES;
				CLANG_WARN_DIRECT_OBJC_ISA_USAGE = YES_ERROR;
				CLANG_WARN_EMPTY_BODY = YES;
				CLANG_WARN_ENUM_CONVERSION = YES;
				CLANG_WARN_INT_CONVERSION = YES;
				CLANG_WARN_OBJC_ROOT_CLASS = YES_ERROR;
				CLANG_WARN_UNREACHABLE_CODE = YES;
				CLANG_WARN__DUPLICATE_METHOD_MATCH = YES;
				"CODE_SIGN_IDENTITY[sdk=iphoneos*]" = "iPhone Developer";
				COPY_PHASE_STRIP = NO;
				DEBUG_INFORMATION_FORMAT = "dwarf-with-dsym";
				ENABLE_NS_ASSERTIONS = NO;
				ENABLE_STRICT_OBJC_MSGSEND = YES;
				GCC_C_LANGUAGE_STANDARD = gnu99;
				GCC_NO_COMMON_BLOCKS = YES;
				GCC_WARN_64_TO_32_BIT_CONVERSION = YES;
				GCC_WARN_ABOUT_RETURN_TYPE = YES_ERROR;
				GCC_WARN_UNDECLARED_SELECTOR = YES;
				GCC_WARN_UNINITIALIZED_AUTOS = YES_AGGRESSIVE;
				GCC_WARN_UNUSED_FUNCTION = YES;
				GCC_WARN_UNUSED_VARIABLE = YES;
				IPHONEOS_DEPLOYMENT_TARGET = 9.3;
				MTL_ENABLE_DEBUG_INFO = NO;
				SDKROOT = iphoneos;
				VALIDATE_PRODUCT = YES;
			};
			name = Release;
		};
		B5CFC0571CEF419E00CBA04D /* Debug */ = {
			isa = XCBuildConfiguration;
			buildSettings = {
				ASSETCATALOG_COMPILER_APPICON_NAME = AppIcon;
				CODE_SIGN_IDENTITY = "iPhone Developer";
				"CODE_SIGN_IDENTITY[sdk=iphoneos*]" = "iPhone Developer";
				INFOPLIST_FILE = Vego/Info.plist;
				IPHONEOS_DEPLOYMENT_TARGET = 9.2;
				LD_RUNPATH_SEARCH_PATHS = "$(inherited) @executable_path/Frameworks";
				PRODUCT_BUNDLE_IDENTIFIER = au.edu.uow.Vego;
				PRODUCT_NAME = "$(TARGET_NAME)";
				PROVISIONING_PROFILE = "";
			};
			name = Debug;
		};
		B5CFC0581CEF419E00CBA04D /* Release */ = {
			isa = XCBuildConfiguration;
			buildSettings = {
				ASSETCATALOG_COMPILER_APPICON_NAME = AppIcon;
				CODE_SIGN_IDENTITY = "iPhone Developer";
				"CODE_SIGN_IDENTITY[sdk=iphoneos*]" = "iPhone Developer";
				INFOPLIST_FILE = Vego/Info.plist;
				IPHONEOS_DEPLOYMENT_TARGET = 9.2;
				LD_RUNPATH_SEARCH_PATHS = "$(inherited) @executable_path/Frameworks";
				PRODUCT_BUNDLE_IDENTIFIER = au.edu.uow.Vego;
				PRODUCT_NAME = "$(TARGET_NAME)";
				PROVISIONING_PROFILE = "";
			};
			name = Release;
		};
		B5CFC05A1CEF419E00CBA04D /* Debug */ = {
			isa = XCBuildConfiguration;
			buildSettings = {
				BUNDLE_LOADER = "$(TEST_HOST)";
				INFOPLIST_FILE = VegoTests/Info.plist;
				LD_RUNPATH_SEARCH_PATHS = "$(inherited) @executable_path/Frameworks @loader_path/Frameworks";
				PRODUCT_BUNDLE_IDENTIFIER = au.edu.uow.VegoTests;
				PRODUCT_NAME = "$(TARGET_NAME)";
				TEST_HOST = "$(BUILT_PRODUCTS_DIR)/Vego.app/Vego";
			};
			name = Debug;
		};
		B5CFC05B1CEF419E00CBA04D /* Release */ = {
			isa = XCBuildConfiguration;
			buildSettings = {
				BUNDLE_LOADER = "$(TEST_HOST)";
				INFOPLIST_FILE = VegoTests/Info.plist;
				LD_RUNPATH_SEARCH_PATHS = "$(inherited) @executable_path/Frameworks @loader_path/Frameworks";
				PRODUCT_BUNDLE_IDENTIFIER = au.edu.uow.VegoTests;
				PRODUCT_NAME = "$(TARGET_NAME)";
				TEST_HOST = "$(BUILT_PRODUCTS_DIR)/Vego.app/Vego";
			};
			name = Release;
		};
		B5CFC05D1CEF419E00CBA04D /* Debug */ = {
			isa = XCBuildConfiguration;
			buildSettings = {
				INFOPLIST_FILE = VegoUITests/Info.plist;
				LD_RUNPATH_SEARCH_PATHS = "$(inherited) @executable_path/Frameworks @loader_path/Frameworks";
				PRODUCT_BUNDLE_IDENTIFIER = au.edu.uow.VegoUITests;
				PRODUCT_NAME = "$(TARGET_NAME)";
				TEST_TARGET_NAME = Vego;
			};
			name = Debug;
		};
		B5CFC05E1CEF419E00CBA04D /* Release */ = {
			isa = XCBuildConfiguration;
			buildSettings = {
				INFOPLIST_FILE = VegoUITests/Info.plist;
				LD_RUNPATH_SEARCH_PATHS = "$(inherited) @executable_path/Frameworks @loader_path/Frameworks";
				PRODUCT_BUNDLE_IDENTIFIER = au.edu.uow.VegoUITests;
				PRODUCT_NAME = "$(TARGET_NAME)";
				TEST_TARGET_NAME = Vego;
			};
			name = Release;
		};
/* End XCBuildConfiguration section */

/* Begin XCConfigurationList section */
		B5CFC0261CEF419E00CBA04D /* Build configuration list for PBXProject "Vego" */ = {
			isa = XCConfigurationList;
			buildConfigurations = (
				B5CFC0541CEF419E00CBA04D /* Debug */,
				B5CFC0551CEF419E00CBA04D /* Release */,
			);
			defaultConfigurationIsVisible = 0;
			defaultConfigurationName = Release;
		};
		B5CFC0561CEF419E00CBA04D /* Build configuration list for PBXNativeTarget "Vego" */ = {
			isa = XCConfigurationList;
			buildConfigurations = (
				B5CFC0571CEF419E00CBA04D /* Debug */,
				B5CFC0581CEF419E00CBA04D /* Release */,
			);
			defaultConfigurationIsVisible = 0;
			defaultConfigurationName = Release;
		};
		B5CFC0591CEF419E00CBA04D /* Build configuration list for PBXNativeTarget "VegoTests" */ = {
			isa = XCConfigurationList;
			buildConfigurations = (
				B5CFC05A1CEF419E00CBA04D /* Debug */,
				B5CFC05B1CEF419E00CBA04D /* Release */,
			);
			defaultConfigurationIsVisible = 0;
			defaultConfigurationName = Release;
		};
		B5CFC05C1CEF419E00CBA04D /* Build configuration list for PBXNativeTarget "VegoUITests" */ = {
			isa = XCConfigurationList;
			buildConfigurations = (
				B5CFC05D1CEF419E00CBA04D /* Debug */,
				B5CFC05E1CEF419E00CBA04D /* Release */,
			);
			defaultConfigurationIsVisible = 0;
			defaultConfigurationName = Release;
		};
/* End XCConfigurationList section */

/* Begin XCVersionGroup section */
		B5CFC0351CEF419E00CBA04D /* Vego.xcdatamodeld */ = {
			isa = XCVersionGroup;
			children = (
				B5CFC0361CEF419E00CBA04D /* Vego.xcdatamodel */,
			);
			currentVersion = B5CFC0361CEF419E00CBA04D /* Vego.xcdatamodel */;
			path = Vego.xcdatamodeld;
			sourceTree = "<group>";
			versionGroupType = wrapper.xcdatamodel;
		};
/* End XCVersionGroup section */
	};
	rootObject = B5CFC0231CEF419E00CBA04D /* Project object */;
}
