// !$*UTF8*$!
{
	archiveVersion = 1;
	classes = {
	};
	objectVersion = 46;
	objects = {

/* Begin PBXBuildFile section */
		0045898C1CF099DA001F8E91 /* RestaurantTableViewController.swift in Sources */ = {isa = PBXBuildFile; fileRef = 0045898B1CF099DA001F8E91 /* RestaurantTableViewController.swift */; };
		0045898E1CF0A061001F8E91 /* RestaurantTableViewCell.swift in Sources */ = {isa = PBXBuildFile; fileRef = 0045898D1CF0A061001F8E91 /* RestaurantTableViewCell.swift */; };
		004589901CF13B5F001F8E91 /* HomeViewController.swift in Sources */ = {isa = PBXBuildFile; fileRef = 0045898F1CF13B5F001F8E91 /* HomeViewController.swift */; };
		004589921CF1852D001F8E91 /* RestaurantDetailViewController.swift in Sources */ = {isa = PBXBuildFile; fileRef = 004589911CF1852D001F8E91 /* RestaurantDetailViewController.swift */; };
		004589B41CF2C685001F8E91 /* Recability.swift in Sources */ = {isa = PBXBuildFile; fileRef = 004589B31CF2C685001F8E91 /* Recability.swift */; };
		004589B81CF2E427001F8E91 /* Restaurant.swift in Sources */ = {isa = PBXBuildFile; fileRef = 004589B71CF2E427001F8E91 /* Restaurant.swift */; };
		00F9CC501CF864B50025F757 /* Firebase.framework in Frameworks */ = {isa = PBXBuildFile; fileRef = 00F9CC4F1CF864B50025F757 /* Firebase.framework */; };
		00F9CC531CF866D70025F757 /* libicucore.tbd in Frameworks */ = {isa = PBXBuildFile; fileRef = 00F9CC511CF865A90025F757 /* libicucore.tbd */; };
		00F9CC551CF866E90025F757 /* libc++.tbd in Frameworks */ = {isa = PBXBuildFile; fileRef = 00F9CC541CF866E90025F757 /* libc++.tbd */; };
		00F9CC571CF866F40025F757 /* CFNetwork.framework in Frameworks */ = {isa = PBXBuildFile; fileRef = 00F9CC561CF866F40025F757 /* CFNetwork.framework */; };
		00F9CC591CF866FF0025F757 /* Security.framework in Frameworks */ = {isa = PBXBuildFile; fileRef = 00F9CC581CF866FF0025F757 /* Security.framework */; };
		00F9CC5B1CF8670B0025F757 /* SystemConfiguration.framework in Frameworks */ = {isa = PBXBuildFile; fileRef = 00F9CC5A1CF8670B0025F757 /* SystemConfiguration.framework */; };
		00F9CC5D1CF8679E0025F757 /* DataService.swift in Sources */ = {isa = PBXBuildFile; fileRef = 00F9CC5C1CF8679E0025F757 /* DataService.swift */; };
		00F9CC681CF87CE80025F757 /* recipe-default-image.jpg in Resources */ = {isa = PBXBuildFile; fileRef = 00F9CC621CF87CE80025F757 /* recipe-default-image.jpg */; };
		00F9CC691CF87CE80025F757 /* recipe0.jpg in Resources */ = {isa = PBXBuildFile; fileRef = 00F9CC631CF87CE80025F757 /* recipe0.jpg */; };
		00F9CC6A1CF87CE80025F757 /* recipe1.jpg in Resources */ = {isa = PBXBuildFile; fileRef = 00F9CC641CF87CE80025F757 /* recipe1.jpg */; };
		00F9CC6B1CF87CE80025F757 /* recipe2.jpg in Resources */ = {isa = PBXBuildFile; fileRef = 00F9CC651CF87CE80025F757 /* recipe2.jpg */; };
		00F9CC6C1CF87CE80025F757 /* recipe3.jpg in Resources */ = {isa = PBXBuildFile; fileRef = 00F9CC661CF87CE80025F757 /* recipe3.jpg */; };
		00F9CC6D1CF87CE80025F757 /* recipe4.jpg in Resources */ = {isa = PBXBuildFile; fileRef = 00F9CC671CF87CE80025F757 /* recipe4.jpg */; };
		00F9CC701CF87D2A0025F757 /* restaurantBkg.jpg in Resources */ = {isa = PBXBuildFile; fileRef = 00F9CC6F1CF87D2A0025F757 /* restaurantBkg.jpg */; };
		00F9CC801CF87D640025F757 /* 01.png in Resources */ = {isa = PBXBuildFile; fileRef = 00F9CC721CF87D640025F757 /* 01.png */; };
		00F9CC811CF87D640025F757 /* 02.png in Resources */ = {isa = PBXBuildFile; fileRef = 00F9CC731CF87D640025F757 /* 02.png */; };
		00F9CC821CF87D640025F757 /* 03.png in Resources */ = {isa = PBXBuildFile; fileRef = 00F9CC741CF87D640025F757 /* 03.png */; };
		00F9CC831CF87D640025F757 /* 04.png in Resources */ = {isa = PBXBuildFile; fileRef = 00F9CC751CF87D640025F757 /* 04.png */; };
		00F9CC841CF87D640025F757 /* 05.png in Resources */ = {isa = PBXBuildFile; fileRef = 00F9CC761CF87D640025F757 /* 05.png */; };
		00F9CC851CF87D640025F757 /* 06.png in Resources */ = {isa = PBXBuildFile; fileRef = 00F9CC771CF87D640025F757 /* 06.png */; };
		00F9CC861CF87D640025F757 /* 07.png in Resources */ = {isa = PBXBuildFile; fileRef = 00F9CC781CF87D640025F757 /* 07.png */; };
		00F9CC871CF87D640025F757 /* 08.png in Resources */ = {isa = PBXBuildFile; fileRef = 00F9CC791CF87D640025F757 /* 08.png */; };
		00F9CC881CF87D640025F757 /* 09.png in Resources */ = {isa = PBXBuildFile; fileRef = 00F9CC7A1CF87D640025F757 /* 09.png */; };
		00F9CC891CF87D640025F757 /* 10.png in Resources */ = {isa = PBXBuildFile; fileRef = 00F9CC7B1CF87D640025F757 /* 10.png */; };
		00F9CC8A1CF87D640025F757 /* 11.png in Resources */ = {isa = PBXBuildFile; fileRef = 00F9CC7C1CF87D640025F757 /* 11.png */; };
		00F9CC8B1CF87D640025F757 /* 12.png in Resources */ = {isa = PBXBuildFile; fileRef = 00F9CC7D1CF87D640025F757 /* 12.png */; };
		00F9CC8C1CF87D640025F757 /* daysF.png in Resources */ = {isa = PBXBuildFile; fileRef = 00F9CC7E1CF87D640025F757 /* daysF.png */; };
		00F9CC8D1CF87D640025F757 /* submitButton.png in Resources */ = {isa = PBXBuildFile; fileRef = 00F9CC7F1CF87D640025F757 /* submitButton.png */; };
		00F9CC941CF87D950025F757 /* co22.png in Resources */ = {isa = PBXBuildFile; fileRef = 00F9CC8F1CF87D950025F757 /* co22.png */; };
		00F9CC951CF87D950025F757 /* fish2.png in Resources */ = {isa = PBXBuildFile; fileRef = 00F9CC901CF87D950025F757 /* fish2.png */; };
		00F9CC961CF87D950025F757 /* hen2.png in Resources */ = {isa = PBXBuildFile; fileRef = 00F9CC911CF87D950025F757 /* hen2.png */; };
		00F9CC971CF87D950025F757 /* newPledge.png in Resources */ = {isa = PBXBuildFile; fileRef = 00F9CC921CF87D950025F757 /* newPledge.png */; };
		00F9CC981CF87D950025F757 /* plant2.png in Resources */ = {isa = PBXBuildFile; fileRef = 00F9CC931CF87D950025F757 /* plant2.png */; };
		00F9CCA01CF87DEC0025F757 /* checkIn.png in Resources */ = {isa = PBXBuildFile; fileRef = 00F9CC9A1CF87DEC0025F757 /* checkIn.png */; };
		00F9CCA11CF87DEC0025F757 /* myPledge.png in Resources */ = {isa = PBXBuildFile; fileRef = 00F9CC9B1CF87DEC0025F757 /* myPledge.png */; };
		00F9CCA21CF87DEC0025F757 /* pledgeButton2.png in Resources */ = {isa = PBXBuildFile; fileRef = 00F9CC9C1CF87DEC0025F757 /* pledgeButton2.png */; };
		00F9CCA31CF87DEC0025F757 /* profile.jpg in Resources */ = {isa = PBXBuildFile; fileRef = 00F9CC9D1CF87DEC0025F757 /* profile.jpg */; };
		00F9CCA41CF87DEC0025F757 /* recipe.png in Resources */ = {isa = PBXBuildFile; fileRef = 00F9CC9E1CF87DEC0025F757 /* recipe.png */; };
		00F9CCA51CF87DEC0025F757 /* restaurant.png in Resources */ = {isa = PBXBuildFile; fileRef = 00F9CC9F1CF87DEC0025F757 /* restaurant.png */; };
		00F9CCAB1CF87E220025F757 /* psw.png in Resources */ = {isa = PBXBuildFile; fileRef = 00F9CCA71CF87E220025F757 /* psw.png */; };
		00F9CCAC1CF87E220025F757 /* user.png in Resources */ = {isa = PBXBuildFile; fileRef = 00F9CCA81CF87E220025F757 /* user.png */; };
		00F9CCAD1CF87E220025F757 /* vegoLogin.png in Resources */ = {isa = PBXBuildFile; fileRef = 00F9CCA91CF87E220025F757 /* vegoLogin.png */; };
		00F9CCAE1CF87E220025F757 /* voucher2.png in Resources */ = {isa = PBXBuildFile; fileRef = 00F9CCAA1CF87E220025F757 /* voucher2.png */; };
		00F9CCB11CF880BA0025F757 /* res_avatar_120_1x_new.png in Resources */ = {isa = PBXBuildFile; fileRef = 00F9CCB01CF880BA0025F757 /* res_avatar_120_1x_new.png */; };
		00F9CCB31CF88A370025F757 /* MapKit.framework in Frameworks */ = {isa = PBXBuildFile; fileRef = 00F9CCB21CF88A370025F757 /* MapKit.framework */; };
		00F9CCB91CF88C6F0025F757 /* AddPledgeViewController.swift in Sources */ = {isa = PBXBuildFile; fileRef = 00F9CCB41CF88C6F0025F757 /* AddPledgeViewController.swift */; };
		00F9CCBA1CF88C6F0025F757 /* PledgeViewController.swift in Sources */ = {isa = PBXBuildFile; fileRef = 00F9CCB51CF88C6F0025F757 /* PledgeViewController.swift */; };
		00F9CCBB1CF88C6F0025F757 /* RecipeDetailTableViewController.swift in Sources */ = {isa = PBXBuildFile; fileRef = 00F9CCB61CF88C6F0025F757 /* RecipeDetailTableViewController.swift */; };
		00F9CCBC1CF88C6F0025F757 /* SignUpViewController.swift in Sources */ = {isa = PBXBuildFile; fileRef = 00F9CCB71CF88C6F0025F757 /* SignUpViewController.swift */; };
		00F9CCBD1CF88C6F0025F757 /* TextField.swift in Sources */ = {isa = PBXBuildFile; fileRef = 00F9CCB81CF88C6F0025F757 /* TextField.swift */; };
		00F9CCBF1CF892500025F757 /* vego.png in Resources */ = {isa = PBXBuildFile; fileRef = 00F9CCBE1CF892500025F757 /* vego.png */; };
		00F9CCC11CF892670025F757 /* no_connection.png in Resources */ = {isa = PBXBuildFile; fileRef = 00F9CCC01CF892670025F757 /* no_connection.png */; };
		B5CBDFC11CFA6FE700216D8F /* CoreLocation.framework in Frameworks */ = {isa = PBXBuildFile; fileRef = B5CBDFC01CFA6FE700216D8F /* CoreLocation.framework */; };
		B5CBDFC51CFA98D600216D8F /* FSCalendar in Resources */ = {isa = PBXBuildFile; fileRef = B5CBDFC41CFA98D600216D8F /* FSCalendar */; };
		B5CFC02F1CEF419E00CBA04D /* AppDelegate.swift in Sources */ = {isa = PBXBuildFile; fileRef = B5CFC02E1CEF419E00CBA04D /* AppDelegate.swift */; };
		B5CFC0311CEF419E00CBA04D /* LoginViewController.swift in Sources */ = {isa = PBXBuildFile; fileRef = B5CFC0301CEF419E00CBA04D /* LoginViewController.swift */; };
		B5CFC0341CEF419E00CBA04D /* Main.storyboard in Resources */ = {isa = PBXBuildFile; fileRef = B5CFC0321CEF419E00CBA04D /* Main.storyboard */; };
		B5CFC0371CEF419E00CBA04D /* Vego.xcdatamodeld in Sources */ = {isa = PBXBuildFile; fileRef = B5CFC0351CEF419E00CBA04D /* Vego.xcdatamodeld */; };
		B5CFC0391CEF419E00CBA04D /* Assets.xcassets in Resources */ = {isa = PBXBuildFile; fileRef = B5CFC0381CEF419E00CBA04D /* Assets.xcassets */; };
		B5CFC03C1CEF419E00CBA04D /* LaunchScreen.storyboard in Resources */ = {isa = PBXBuildFile; fileRef = B5CFC03A1CEF419E00CBA04D /* LaunchScreen.storyboard */; };
		B5CFC0471CEF419E00CBA04D /* VegoTests.swift in Sources */ = {isa = PBXBuildFile; fileRef = B5CFC0461CEF419E00CBA04D /* VegoTests.swift */; };
		B5CFC0521CEF419E00CBA04D /* VegoUITests.swift in Sources */ = {isa = PBXBuildFile; fileRef = B5CFC0511CEF419E00CBA04D /* VegoUITests.swift */; };
/* End PBXBuildFile section */

/* Begin PBXContainerItemProxy section */
		B5CFC0431CEF419E00CBA04D /* PBXContainerItemProxy */ = {
			isa = PBXContainerItemProxy;
			containerPortal = B5CFC0231CEF419E00CBA04D /* Project object */;
			proxyType = 1;
			remoteGlobalIDString = B5CFC02A1CEF419E00CBA04D;
			remoteInfo = Vego;
		};
		B5CFC04E1CEF419E00CBA04D /* PBXContainerItemProxy */ = {
			isa = PBXContainerItemProxy;
			containerPortal = B5CFC0231CEF419E00CBA04D /* Project object */;
			proxyType = 1;
			remoteGlobalIDString = B5CFC02A1CEF419E00CBA04D;
			remoteInfo = Vego;
		};
/* End PBXContainerItemProxy section */

/* Begin PBXFileReference section */
		0045898B1CF099DA001F8E91 /* RestaurantTableViewController.swift */ = {isa = PBXFileReference; fileEncoding = 4; lastKnownFileType = sourcecode.swift; path = RestaurantTableViewController.swift; sourceTree = "<group>"; };
		0045898D1CF0A061001F8E91 /* RestaurantTableViewCell.swift */ = {isa = PBXFileReference; fileEncoding = 4; lastKnownFileType = sourcecode.swift; path = RestaurantTableViewCell.swift; sourceTree = "<group>"; };
		0045898F1CF13B5F001F8E91 /* HomeViewController.swift */ = {isa = PBXFileReference; fileEncoding = 4; lastKnownFileType = sourcecode.swift; path = HomeViewController.swift; sourceTree = "<group>"; };
		004589911CF1852D001F8E91 /* RestaurantDetailViewController.swift */ = {isa = PBXFileReference; fileEncoding = 4; lastKnownFileType = sourcecode.swift; path = RestaurantDetailViewController.swift; sourceTree = "<group>"; };
		004589B31CF2C685001F8E91 /* Recability.swift */ = {isa = PBXFileReference; fileEncoding = 4; lastKnownFileType = sourcecode.swift; path = Recability.swift; sourceTree = "<group>"; };
		004589B71CF2E427001F8E91 /* Restaurant.swift */ = {isa = PBXFileReference; fileEncoding = 4; lastKnownFileType = sourcecode.swift; path = Restaurant.swift; sourceTree = "<group>"; };
		00F9CC4F1CF864B50025F757 /* Firebase.framework */ = {isa = PBXFileReference; lastKnownFileType = wrapper.framework; path = Firebase.framework; sourceTree = "<group>"; };
		00F9CC511CF865A90025F757 /* libicucore.tbd */ = {isa = PBXFileReference; lastKnownFileType = "sourcecode.text-based-dylib-definition"; name = libicucore.tbd; path = usr/lib/libicucore.tbd; sourceTree = SDKROOT; };
		00F9CC541CF866E90025F757 /* libc++.tbd */ = {isa = PBXFileReference; lastKnownFileType = "sourcecode.text-based-dylib-definition"; name = "libc++.tbd"; path = "usr/lib/libc++.tbd"; sourceTree = SDKROOT; };
		00F9CC561CF866F40025F757 /* CFNetwork.framework */ = {isa = PBXFileReference; lastKnownFileType = wrapper.framework; name = CFNetwork.framework; path = System/Library/Frameworks/CFNetwork.framework; sourceTree = SDKROOT; };
		00F9CC581CF866FF0025F757 /* Security.framework */ = {isa = PBXFileReference; lastKnownFileType = wrapper.framework; name = Security.framework; path = System/Library/Frameworks/Security.framework; sourceTree = SDKROOT; };
		00F9CC5A1CF8670B0025F757 /* SystemConfiguration.framework */ = {isa = PBXFileReference; lastKnownFileType = wrapper.framework; name = SystemConfiguration.framework; path = System/Library/Frameworks/SystemConfiguration.framework; sourceTree = SDKROOT; };
		00F9CC5C1CF8679E0025F757 /* DataService.swift */ = {isa = PBXFileReference; fileEncoding = 4; lastKnownFileType = sourcecode.swift; path = DataService.swift; sourceTree = "<group>"; };
		00F9CC621CF87CE80025F757 /* recipe-default-image.jpg */ = {isa = PBXFileReference; lastKnownFileType = image.jpeg; name = "recipe-default-image.jpg"; path = "Images/recipe-default-image.jpg"; sourceTree = "<group>"; };
		00F9CC631CF87CE80025F757 /* recipe0.jpg */ = {isa = PBXFileReference; lastKnownFileType = image.jpeg; name = recipe0.jpg; path = Images/recipe0.jpg; sourceTree = "<group>"; };
		00F9CC641CF87CE80025F757 /* recipe1.jpg */ = {isa = PBXFileReference; lastKnownFileType = image.jpeg; name = recipe1.jpg; path = Images/recipe1.jpg; sourceTree = "<group>"; };
		00F9CC651CF87CE80025F757 /* recipe2.jpg */ = {isa = PBXFileReference; lastKnownFileType = image.jpeg; name = recipe2.jpg; path = Images/recipe2.jpg; sourceTree = "<group>"; };
		00F9CC661CF87CE80025F757 /* recipe3.jpg */ = {isa = PBXFileReference; lastKnownFileType = image.jpeg; name = recipe3.jpg; path = Images/recipe3.jpg; sourceTree = "<group>"; };
		00F9CC671CF87CE80025F757 /* recipe4.jpg */ = {isa = PBXFileReference; lastKnownFileType = image.jpeg; name = recipe4.jpg; path = Images/recipe4.jpg; sourceTree = "<group>"; };
		00F9CC6F1CF87D2A0025F757 /* restaurantBkg.jpg */ = {isa = PBXFileReference; lastKnownFileType = image.jpeg; name = restaurantBkg.jpg; path = Images/restaurantBkg.jpg; sourceTree = "<group>"; };
		00F9CC721CF87D640025F757 /* 01.png */ = {isa = PBXFileReference; lastKnownFileType = image.png; name = 01.png; path = Images/01.png; sourceTree = "<group>"; };
		00F9CC731CF87D640025F757 /* 02.png */ = {isa = PBXFileReference; lastKnownFileType = image.png; name = 02.png; path = Images/02.png; sourceTree = "<group>"; };
		00F9CC741CF87D640025F757 /* 03.png */ = {isa = PBXFileReference; lastKnownFileType = image.png; name = 03.png; path = Images/03.png; sourceTree = "<group>"; };
		00F9CC751CF87D640025F757 /* 04.png */ = {isa = PBXFileReference; lastKnownFileType = image.png; name = 04.png; path = Images/04.png; sourceTree = "<group>"; };
		00F9CC761CF87D640025F757 /* 05.png */ = {isa = PBXFileReference; lastKnownFileType = image.png; name = 05.png; path = Images/05.png; sourceTree = "<group>"; };
		00F9CC771CF87D640025F757 /* 06.png */ = {isa = PBXFileReference; lastKnownFileType = image.png; name = 06.png; path = Images/06.png; sourceTree = "<group>"; };
		00F9CC781CF87D640025F757 /* 07.png */ = {isa = PBXFileReference; lastKnownFileType = image.png; name = 07.png; path = Images/07.png; sourceTree = "<group>"; };
		00F9CC791CF87D640025F757 /* 08.png */ = {isa = PBXFileReference; lastKnownFileType = image.png; name = 08.png; path = Images/08.png; sourceTree = "<group>"; };
		00F9CC7A1CF87D640025F757 /* 09.png */ = {isa = PBXFileReference; lastKnownFileType = image.png; name = 09.png; path = Images/09.png; sourceTree = "<group>"; };
		00F9CC7B1CF87D640025F757 /* 10.png */ = {isa = PBXFileReference; lastKnownFileType = image.png; name = 10.png; path = Images/10.png; sourceTree = "<group>"; };
		00F9CC7C1CF87D640025F757 /* 11.png */ = {isa = PBXFileReference; lastKnownFileType = image.png; name = 11.png; path = Images/11.png; sourceTree = "<group>"; };
		00F9CC7D1CF87D640025F757 /* 12.png */ = {isa = PBXFileReference; lastKnownFileType = image.png; name = 12.png; path = Images/12.png; sourceTree = "<group>"; };
		00F9CC7E1CF87D640025F757 /* daysF.png */ = {isa = PBXFileReference; lastKnownFileType = image.png; name = daysF.png; path = Images/daysF.png; sourceTree = "<group>"; };
		00F9CC7F1CF87D640025F757 /* submitButton.png */ = {isa = PBXFileReference; lastKnownFileType = image.png; name = submitButton.png; path = Images/submitButton.png; sourceTree = "<group>"; };
		00F9CC8F1CF87D950025F757 /* co22.png */ = {isa = PBXFileReference; lastKnownFileType = image.png; name = co22.png; path = Images/co22.png; sourceTree = "<group>"; };
		00F9CC901CF87D950025F757 /* fish2.png */ = {isa = PBXFileReference; lastKnownFileType = image.png; name = fish2.png; path = Images/fish2.png; sourceTree = "<group>"; };
		00F9CC911CF87D950025F757 /* hen2.png */ = {isa = PBXFileReference; lastKnownFileType = image.png; name = hen2.png; path = Images/hen2.png; sourceTree = "<group>"; };
		00F9CC921CF87D950025F757 /* newPledge.png */ = {isa = PBXFileReference; lastKnownFileType = image.png; name = newPledge.png; path = Images/newPledge.png; sourceTree = "<group>"; };
		00F9CC931CF87D950025F757 /* plant2.png */ = {isa = PBXFileReference; lastKnownFileType = image.png; name = plant2.png; path = Images/plant2.png; sourceTree = "<group>"; };
		00F9CC9A1CF87DEC0025F757 /* checkIn.png */ = {isa = PBXFileReference; lastKnownFileType = image.png; name = checkIn.png; path = Images/checkIn.png; sourceTree = "<group>"; };
		00F9CC9B1CF87DEC0025F757 /* myPledge.png */ = {isa = PBXFileReference; lastKnownFileType = image.png; name = myPledge.png; path = Images/myPledge.png; sourceTree = "<group>"; };
		00F9CC9C1CF87DEC0025F757 /* pledgeButton2.png */ = {isa = PBXFileReference; lastKnownFileType = image.png; name = pledgeButton2.png; path = Images/pledgeButton2.png; sourceTree = "<group>"; };
		00F9CC9D1CF87DEC0025F757 /* profile.jpg */ = {isa = PBXFileReference; lastKnownFileType = image.jpeg; name = profile.jpg; path = Images/profile.jpg; sourceTree = "<group>"; };
		00F9CC9E1CF87DEC0025F757 /* recipe.png */ = {isa = PBXFileReference; lastKnownFileType = image.png; name = recipe.png; path = Images/recipe.png; sourceTree = "<group>"; };
		00F9CC9F1CF87DEC0025F757 /* restaurant.png */ = {isa = PBXFileReference; lastKnownFileType = image.png; name = restaurant.png; path = Images/restaurant.png; sourceTree = "<group>"; };
		00F9CCA71CF87E220025F757 /* psw.png */ = {isa = PBXFileReference; lastKnownFileType = image.png; name = psw.png; path = Images/psw.png; sourceTree = "<group>"; };
		00F9CCA81CF87E220025F757 /* user.png */ = {isa = PBXFileReference; lastKnownFileType = image.png; name = user.png; path = Images/user.png; sourceTree = "<group>"; };
		00F9CCA91CF87E220025F757 /* vegoLogin.png */ = {isa = PBXFileReference; lastKnownFileType = image.png; name = vegoLogin.png; path = Images/vegoLogin.png; sourceTree = "<group>"; };
		00F9CCAA1CF87E220025F757 /* voucher2.png */ = {isa = PBXFileReference; lastKnownFileType = image.png; name = voucher2.png; path = Images/voucher2.png; sourceTree = "<group>"; };
		00F9CCB01CF880BA0025F757 /* res_avatar_120_1x_new.png */ = {isa = PBXFileReference; lastKnownFileType = image.png; name = res_avatar_120_1x_new.png; path = Images/res_avatar_120_1x_new.png; sourceTree = "<group>"; };
		00F9CCB21CF88A370025F757 /* MapKit.framework */ = {isa = PBXFileReference; lastKnownFileType = wrapper.framework; name = MapKit.framework; path = System/Library/Frameworks/MapKit.framework; sourceTree = SDKROOT; };
		00F9CCB41CF88C6F0025F757 /* AddPledgeViewController.swift */ = {isa = PBXFileReference; fileEncoding = 4; lastKnownFileType = sourcecode.swift; path = AddPledgeViewController.swift; sourceTree = "<group>"; };
		00F9CCB51CF88C6F0025F757 /* PledgeViewController.swift */ = {isa = PBXFileReference; fileEncoding = 4; lastKnownFileType = sourcecode.swift; path = PledgeViewController.swift; sourceTree = "<group>"; };
		00F9CCB61CF88C6F0025F757 /* RecipeDetailTableViewController.swift */ = {isa = PBXFileReference; fileEncoding = 4; lastKnownFileType = sourcecode.swift; path = RecipeDetailTableViewController.swift; sourceTree = "<group>"; };
		00F9CCB71CF88C6F0025F757 /* SignUpViewController.swift */ = {isa = PBXFileReference; fileEncoding = 4; lastKnownFileType = sourcecode.swift; path = SignUpViewController.swift; sourceTree = "<group>"; };
		00F9CCB81CF88C6F0025F757 /* TextField.swift */ = {isa = PBXFileReference; fileEncoding = 4; lastKnownFileType = sourcecode.swift; path = TextField.swift; sourceTree = "<group>"; };
		00F9CCBE1CF892500025F757 /* vego.png */ = {isa = PBXFileReference; lastKnownFileType = image.png; name = vego.png; path = Images/vego.png; sourceTree = "<group>"; };
		00F9CCC01CF892670025F757 /* no_connection.png */ = {isa = PBXFileReference; lastKnownFileType = image.png; name = no_connection.png; path = Images/no_connection.png; sourceTree = "<group>"; };
		B5CBDFC01CFA6FE700216D8F /* CoreLocation.framework */ = {isa = PBXFileReference; lastKnownFileType = wrapper.framework; name = CoreLocation.framework; path = System/Library/Frameworks/CoreLocation.framework; sourceTree = SDKROOT; };
		B5CBDFC41CFA98D600216D8F /* FSCalendar */ = {isa = PBXFileReference; lastKnownFileType = folder; path = FSCalendar; sourceTree = "<group>"; };
		B5CBDFC61CFA98F700216D8F /* Objc-Bridge-Header.h */ = {isa = PBXFileReference; fileEncoding = 4; lastKnownFileType = sourcecode.c.h; path = "Objc-Bridge-Header.h"; sourceTree = "<group>"; };
		B5CFC02B1CEF419E00CBA04D /* Vego.app */ = {isa = PBXFileReference; explicitFileType = wrapper.application; includeInIndex = 0; path = Vego.app; sourceTree = BUILT_PRODUCTS_DIR; };
		B5CFC02E1CEF419E00CBA04D /* AppDelegate.swift */ = {isa = PBXFileReference; lastKnownFileType = sourcecode.swift; path = AppDelegate.swift; sourceTree = "<group>"; };
		B5CFC0301CEF419E00CBA04D /* LoginViewController.swift */ = {isa = PBXFileReference; lastKnownFileType = sourcecode.swift; path = LoginViewController.swift; sourceTree = "<group>"; };
		B5CFC0331CEF419E00CBA04D /* Base */ = {isa = PBXFileReference; lastKnownFileType = file.storyboard; name = Base; path = Base.lproj/Main.storyboard; sourceTree = "<group>"; };
		B5CFC0361CEF419E00CBA04D /* Vego.xcdatamodel */ = {isa = PBXFileReference; lastKnownFileType = wrapper.xcdatamodel; path = Vego.xcdatamodel; sourceTree = "<group>"; };
		B5CFC0381CEF419E00CBA04D /* Assets.xcassets */ = {isa = PBXFileReference; lastKnownFileType = folder.assetcatalog; path = Assets.xcassets; sourceTree = "<group>"; };
		B5CFC03B1CEF419E00CBA04D /* Base */ = {isa = PBXFileReference; lastKnownFileType = file.storyboard; name = Base; path = Base.lproj/LaunchScreen.storyboard; sourceTree = "<group>"; };
		B5CFC03D1CEF419E00CBA04D /* Info.plist */ = {isa = PBXFileReference; lastKnownFileType = text.plist.xml; path = Info.plist; sourceTree = "<group>"; };
		B5CFC0421CEF419E00CBA04D /* VegoTests.xctest */ = {isa = PBXFileReference; explicitFileType = wrapper.cfbundle; includeInIndex = 0; path = VegoTests.xctest; sourceTree = BUILT_PRODUCTS_DIR; };
		B5CFC0461CEF419E00CBA04D /* VegoTests.swift */ = {isa = PBXFileReference; lastKnownFileType = sourcecode.swift; path = VegoTests.swift; sourceTree = "<group>"; };
		B5CFC0481CEF419E00CBA04D /* Info.plist */ = {isa = PBXFileReference; lastKnownFileType = text.plist.xml; path = Info.plist; sourceTree = "<group>"; };
		B5CFC04D1CEF419E00CBA04D /* VegoUITests.xctest */ = {isa = PBXFileReference; explicitFileType = wrapper.cfbundle; includeInIndex = 0; path = VegoUITests.xctest; sourceTree = BUILT_PRODUCTS_DIR; };
		B5CFC0511CEF419E00CBA04D /* VegoUITests.swift */ = {isa = PBXFileReference; lastKnownFileType = sourcecode.swift; path = VegoUITests.swift; sourceTree = "<group>"; };
		B5CFC0531CEF419E00CBA04D /* Info.plist */ = {isa = PBXFileReference; lastKnownFileType = text.plist.xml; path = Info.plist; sourceTree = "<group>"; };
/* End PBXFileReference section */

/* Begin PBXFrameworksBuildPhase section */
		B5CFC0281CEF419E00CBA04D /* Frameworks */ = {
			isa = PBXFrameworksBuildPhase;
			buildActionMask = 2147483647;
			files = (
				B5CBDFC11CFA6FE700216D8F /* CoreLocation.framework in Frameworks */,
				00F9CCB31CF88A370025F757 /* MapKit.framework in Frameworks */,
				00F9CC5B1CF8670B0025F757 /* SystemConfiguration.framework in Frameworks */,
				00F9CC591CF866FF0025F757 /* Security.framework in Frameworks */,
				00F9CC571CF866F40025F757 /* CFNetwork.framework in Frameworks */,
				00F9CC551CF866E90025F757 /* libc++.tbd in Frameworks */,
				00F9CC531CF866D70025F757 /* libicucore.tbd in Frameworks */,
				00F9CC501CF864B50025F757 /* Firebase.framework in Frameworks */,
			);
			runOnlyForDeploymentPostprocessing = 0;
		};
		B5CFC03F1CEF419E00CBA04D /* Frameworks */ = {
			isa = PBXFrameworksBuildPhase;
			buildActionMask = 2147483647;
			files = (
			);
			runOnlyForDeploymentPostprocessing = 0;
		};
		B5CFC04A1CEF419E00CBA04D /* Frameworks */ = {
			isa = PBXFrameworksBuildPhase;
			buildActionMask = 2147483647;
			files = (
			);
			runOnlyForDeploymentPostprocessing = 0;
		};
/* End PBXFrameworksBuildPhase section */

/* Begin PBXGroup section */
		00F9CC601CF87CA00025F757 /* Pictures */ = {
			isa = PBXGroup;
			children = (
				00F9CCAF1CF8808E0025F757 /* restaurantPage */,
				00F9CCA61CF87DFD0025F757 /* loginPage */,
				00F9CC991CF87DA00025F757 /* menuPage */,
				00F9CC8E1CF87D6A0025F757 /* pledgePage */,
				00F9CC711CF87D380025F757 /* addPledgePage */,
				00F9CC6E1CF87CEE0025F757 /* restaurantDetail */,
				00F9CC611CF87CAA0025F757 /* recipeDetail */,
			);
			name = Pictures;
			sourceTree = "<group>";
		};
		00F9CC611CF87CAA0025F757 /* recipeDetail */ = {
			isa = PBXGroup;
			children = (
				00F9CC621CF87CE80025F757 /* recipe-default-image.jpg */,
				00F9CC631CF87CE80025F757 /* recipe0.jpg */,
				00F9CC641CF87CE80025F757 /* recipe1.jpg */,
				00F9CC651CF87CE80025F757 /* recipe2.jpg */,
				00F9CC661CF87CE80025F757 /* recipe3.jpg */,
				00F9CC671CF87CE80025F757 /* recipe4.jpg */,
			);
			name = recipeDetail;
			sourceTree = "<group>";
		};
		00F9CC6E1CF87CEE0025F757 /* restaurantDetail */ = {
			isa = PBXGroup;
			children = (
				00F9CC6F1CF87D2A0025F757 /* restaurantBkg.jpg */,
			);
			name = restaurantDetail;
			sourceTree = "<group>";
		};
		00F9CC711CF87D380025F757 /* addPledgePage */ = {
			isa = PBXGroup;
			children = (
				00F9CC721CF87D640025F757 /* 01.png */,
				00F9CC731CF87D640025F757 /* 02.png */,
				00F9CC741CF87D640025F757 /* 03.png */,
				00F9CC751CF87D640025F757 /* 04.png */,
				00F9CC761CF87D640025F757 /* 05.png */,
				00F9CC771CF87D640025F757 /* 06.png */,
				00F9CC781CF87D640025F757 /* 07.png */,
				00F9CC791CF87D640025F757 /* 08.png */,
				00F9CC7A1CF87D640025F757 /* 09.png */,
				00F9CC7B1CF87D640025F757 /* 10.png */,
				00F9CC7C1CF87D640025F757 /* 11.png */,
				00F9CC7D1CF87D640025F757 /* 12.png */,
				00F9CC7E1CF87D640025F757 /* daysF.png */,
				00F9CC7F1CF87D640025F757 /* submitButton.png */,
			);
			name = addPledgePage;
			sourceTree = "<group>";
		};
		00F9CC8E1CF87D6A0025F757 /* pledgePage */ = {
			isa = PBXGroup;
			children = (
				00F9CC8F1CF87D950025F757 /* co22.png */,
				00F9CC901CF87D950025F757 /* fish2.png */,
				00F9CC911CF87D950025F757 /* hen2.png */,
				00F9CC921CF87D950025F757 /* newPledge.png */,
				00F9CC931CF87D950025F757 /* plant2.png */,
			);
			name = pledgePage;
			sourceTree = "<group>";
		};
		00F9CC991CF87DA00025F757 /* menuPage */ = {
			isa = PBXGroup;
			children = (
				00F9CC9A1CF87DEC0025F757 /* checkIn.png */,
				00F9CC9B1CF87DEC0025F757 /* myPledge.png */,
				00F9CC9C1CF87DEC0025F757 /* pledgeButton2.png */,
				00F9CC9D1CF87DEC0025F757 /* profile.jpg */,
				00F9CC9E1CF87DEC0025F757 /* recipe.png */,
				00F9CC9F1CF87DEC0025F757 /* restaurant.png */,
			);
			name = menuPage;
			sourceTree = "<group>";
		};
		00F9CCA61CF87DFD0025F757 /* loginPage */ = {
			isa = PBXGroup;
			children = (
				00F9CCBE1CF892500025F757 /* vego.png */,
				00F9CCA71CF87E220025F757 /* psw.png */,
				00F9CCA81CF87E220025F757 /* user.png */,
				00F9CCA91CF87E220025F757 /* vegoLogin.png */,
				00F9CCAA1CF87E220025F757 /* voucher2.png */,
			);
			name = loginPage;
			sourceTree = "<group>";
		};
		00F9CCAF1CF8808E0025F757 /* restaurantPage */ = {
			isa = PBXGroup;
			children = (
				00F9CCC01CF892670025F757 /* no_connection.png */,
				00F9CCB01CF880BA0025F757 /* res_avatar_120_1x_new.png */,
			);
			name = restaurantPage;
			sourceTree = "<group>";
		};
		B5CFC0221CEF419E00CBA04D = {
			isa = PBXGroup;
			children = (
				B5CBDFC61CFA98F700216D8F /* Objc-Bridge-Header.h */,
				B5CBDFC41CFA98D600216D8F /* FSCalendar */,
				B5CBDFC01CFA6FE700216D8F /* CoreLocation.framework */,
				00F9CCB21CF88A370025F757 /* MapKit.framework */,
				00F9CC601CF87CA00025F757 /* Pictures */,
				00F9CC5A1CF8670B0025F757 /* SystemConfiguration.framework */,
				00F9CC581CF866FF0025F757 /* Security.framework */,
				00F9CC561CF866F40025F757 /* CFNetwork.framework */,
				00F9CC541CF866E90025F757 /* libc++.tbd */,
				00F9CC511CF865A90025F757 /* libicucore.tbd */,
				00F9CC4F1CF864B50025F757 /* Firebase.framework */,
				B5CFC02D1CEF419E00CBA04D /* Vego */,
				B5CFC0451CEF419E00CBA04D /* VegoTests */,
				B5CFC0501CEF419E00CBA04D /* VegoUITests */,
				B5CFC02C1CEF419E00CBA04D /* Products */,
			);
			sourceTree = "<group>";
		};
		B5CFC02C1CEF419E00CBA04D /* Products */ = {
			isa = PBXGroup;
			children = (
				B5CFC02B1CEF419E00CBA04D /* Vego.app */,
				B5CFC0421CEF419E00CBA04D /* VegoTests.xctest */,
				B5CFC04D1CEF419E00CBA04D /* VegoUITests.xctest */,
			);
			name = Products;
			sourceTree = "<group>";
		};
		B5CFC02D1CEF419E00CBA04D /* Vego */ = {
			isa = PBXGroup;
			children = (
				00F9CCB41CF88C6F0025F757 /* AddPledgeViewController.swift */,
				00F9CCB51CF88C6F0025F757 /* PledgeViewController.swift */,
				00F9CCB61CF88C6F0025F757 /* RecipeDetailTableViewController.swift */,
				00F9CCB71CF88C6F0025F757 /* SignUpViewController.swift */,
				00F9CCB81CF88C6F0025F757 /* TextField.swift */,
				B5CFC02E1CEF419E00CBA04D /* AppDelegate.swift */,
				B5CFC0301CEF419E00CBA04D /* LoginViewController.swift */,
				B5CFC0321CEF419E00CBA04D /* Main.storyboard */,
				B5CFC0381CEF419E00CBA04D /* Assets.xcassets */,
				B5CFC03A1CEF419E00CBA04D /* LaunchScreen.storyboard */,
				B5CFC03D1CEF419E00CBA04D /* Info.plist */,
				B5CFC0351CEF419E00CBA04D /* Vego.xcdatamodeld */,
				0045898B1CF099DA001F8E91 /* RestaurantTableViewController.swift */,
				004589911CF1852D001F8E91 /* RestaurantDetailViewController.swift */,
				0045898D1CF0A061001F8E91 /* RestaurantTableViewCell.swift */,
				0045898F1CF13B5F001F8E91 /* HomeViewController.swift */,
				004589B31CF2C685001F8E91 /* Recability.swift */,
				004589B71CF2E427001F8E91 /* Restaurant.swift */,
				00F9CC5C1CF8679E0025F757 /* DataService.swift */,
			);
			path = Vego;
			sourceTree = "<group>";
		};
		B5CFC0451CEF419E00CBA04D /* VegoTests */ = {
			isa = PBXGroup;
			children = (
				B5CFC0461CEF419E00CBA04D /* VegoTests.swift */,
				B5CFC0481CEF419E00CBA04D /* Info.plist */,
			);
			path = VegoTests;
			sourceTree = "<group>";
		};
		B5CFC0501CEF419E00CBA04D /* VegoUITests */ = {
			isa = PBXGroup;
			children = (
				B5CFC0511CEF419E00CBA04D /* VegoUITests.swift */,
				B5CFC0531CEF419E00CBA04D /* Info.plist */,
			);
			path = VegoUITests;
			sourceTree = "<group>";
		};
/* End PBXGroup section */

/* Begin PBXNativeTarget section */
		B5CFC02A1CEF419E00CBA04D /* Vego */ = {
			isa = PBXNativeTarget;
			buildConfigurationList = B5CFC0561CEF419E00CBA04D /* Build configuration list for PBXNativeTarget "Vego" */;
			buildPhases = (
				B5CFC0271CEF419E00CBA04D /* Sources */,
				B5CFC0281CEF419E00CBA04D /* Frameworks */,
				B5CFC0291CEF419E00CBA04D /* Resources */,
			);
			buildRules = (
			);
			dependencies = (
			);
			name = Vego;
			productName = Vego;
			productReference = B5CFC02B1CEF419E00CBA04D /* Vego.app */;
			productType = "com.apple.product-type.application";
		};
		B5CFC0411CEF419E00CBA04D /* VegoTests */ = {
			isa = PBXNativeTarget;
			buildConfigurationList = B5CFC0591CEF419E00CBA04D /* Build configuration list for PBXNativeTarget "VegoTests" */;
			buildPhases = (
				B5CFC03E1CEF419E00CBA04D /* Sources */,
				B5CFC03F1CEF419E00CBA04D /* Frameworks */,
				B5CFC0401CEF419E00CBA04D /* Resources */,
			);
			buildRules = (
			);
			dependencies = (
				B5CFC0441CEF419E00CBA04D /* PBXTargetDependency */,
			);
			name = VegoTests;
			productName = VegoTests;
			productReference = B5CFC0421CEF419E00CBA04D /* VegoTests.xctest */;
			productType = "com.apple.product-type.bundle.unit-test";
		};
		B5CFC04C1CEF419E00CBA04D /* VegoUITests */ = {
			isa = PBXNativeTarget;
			buildConfigurationList = B5CFC05C1CEF419E00CBA04D /* Build configuration list for PBXNativeTarget "VegoUITests" */;
			buildPhases = (
				B5CFC0491CEF419E00CBA04D /* Sources */,
				B5CFC04A1CEF419E00CBA04D /* Frameworks */,
				B5CFC04B1CEF419E00CBA04D /* Resources */,
			);
			buildRules = (
			);
			dependencies = (
				B5CFC04F1CEF419E00CBA04D /* PBXTargetDependency */,
			);
			name = VegoUITests;
			productName = VegoUITests;
			productReference = B5CFC04D1CEF419E00CBA04D /* VegoUITests.xctest */;
			productType = "com.apple.product-type.bundle.ui-testing";
		};
/* End PBXNativeTarget section */

/* Begin PBXProject section */
		B5CFC0231CEF419E00CBA04D /* Project object */ = {
			isa = PBXProject;
			attributes = {
				LastSwiftUpdateCheck = 0730;
				LastUpgradeCheck = 0730;
				ORGANIZATIONNAME = "Yanhong Ben";
				TargetAttributes = {
					B5CFC02A1CEF419E00CBA04D = {
						CreatedOnToolsVersion = 7.3.1;
						DevelopmentTeam = 58H53XTPZ4;
					};
					B5CFC0411CEF419E00CBA04D = {
						CreatedOnToolsVersion = 7.3.1;
						DevelopmentTeam = 58H53XTPZ4;
						TestTargetID = B5CFC02A1CEF419E00CBA04D;
					};
					B5CFC04C1CEF419E00CBA04D = {
						CreatedOnToolsVersion = 7.3.1;
						DevelopmentTeam = 58H53XTPZ4;
						TestTargetID = B5CFC02A1CEF419E00CBA04D;
					};
				};
			};
			buildConfigurationList = B5CFC0261CEF419E00CBA04D /* Build configuration list for PBXProject "Vego" */;
			compatibilityVersion = "Xcode 3.2";
			developmentRegion = English;
			hasScannedForEncodings = 0;
			knownRegions = (
				en,
				Base,
			);
			mainGroup = B5CFC0221CEF419E00CBA04D;
			productRefGroup = B5CFC02C1CEF419E00CBA04D /* Products */;
			projectDirPath = "";
			projectRoot = "";
			targets = (
				B5CFC02A1CEF419E00CBA04D /* Vego */,
				B5CFC0411CEF419E00CBA04D /* VegoTests */,
				B5CFC04C1CEF419E00CBA04D /* VegoUITests */,
			);
		};
/* End PBXProject section */

/* Begin PBXResourcesBuildPhase section */
		B5CFC0291CEF419E00CBA04D /* Resources */ = {
			isa = PBXResourcesBuildPhase;
			buildActionMask = 2147483647;
			files = (
				00F9CC821CF87D640025F757 /* 03.png in Resources */,
				00F9CC941CF87D950025F757 /* co22.png in Resources */,
				00F9CC961CF87D950025F757 /* hen2.png in Resources */,
				00F9CCA21CF87DEC0025F757 /* pledgeButton2.png in Resources */,
				B5CFC03C1CEF419E00CBA04D /* LaunchScreen.storyboard in Resources */,
				00F9CCAE1CF87E220025F757 /* voucher2.png in Resources */,
				00F9CC861CF87D640025F757 /* 07.png in Resources */,
				00F9CC801CF87D640025F757 /* 01.png in Resources */,
				00F9CCC11CF892670025F757 /* no_connection.png in Resources */,
				00F9CC6B1CF87CE80025F757 /* recipe2.jpg in Resources */,
				00F9CC6A1CF87CE80025F757 /* recipe1.jpg in Resources */,
				00F9CC841CF87D640025F757 /* 05.png in Resources */,
				00F9CC881CF87D640025F757 /* 09.png in Resources */,
				00F9CC8B1CF87D640025F757 /* 12.png in Resources */,
				00F9CCAB1CF87E220025F757 /* psw.png in Resources */,
				00F9CC681CF87CE80025F757 /* recipe-default-image.jpg in Resources */,
				00F9CC6D1CF87CE80025F757 /* recipe4.jpg in Resources */,
				00F9CC8D1CF87D640025F757 /* submitButton.png in Resources */,
				00F9CCA11CF87DEC0025F757 /* myPledge.png in Resources */,
				00F9CC981CF87D950025F757 /* plant2.png in Resources */,
				00F9CC891CF87D640025F757 /* 10.png in Resources */,
				00F9CC951CF87D950025F757 /* fish2.png in Resources */,
				00F9CCA31CF87DEC0025F757 /* profile.jpg in Resources */,
				B5CFC0391CEF419E00CBA04D /* Assets.xcassets in Resources */,
				00F9CCB11CF880BA0025F757 /* res_avatar_120_1x_new.png in Resources */,
				00F9CC6C1CF87CE80025F757 /* recipe3.jpg in Resources */,
				00F9CC871CF87D640025F757 /* 08.png in Resources */,
				00F9CCA41CF87DEC0025F757 /* recipe.png in Resources */,
				00F9CC701CF87D2A0025F757 /* restaurantBkg.jpg in Resources */,
				00F9CCAC1CF87E220025F757 /* user.png in Resources */,
				00F9CCA01CF87DEC0025F757 /* checkIn.png in Resources */,
				00F9CC691CF87CE80025F757 /* recipe0.jpg in Resources */,
				00F9CC831CF87D640025F757 /* 04.png in Resources */,
				B5CFC0341CEF419E00CBA04D /* Main.storyboard in Resources */,
				00F9CC971CF87D950025F757 /* newPledge.png in Resources */,
				00F9CCBF1CF892500025F757 /* vego.png in Resources */,
				B5CBDFC51CFA98D600216D8F /* FSCalendar in Resources */,
				00F9CCA51CF87DEC0025F757 /* restaurant.png in Resources */,
				00F9CC811CF87D640025F757 /* 02.png in Resources */,
				00F9CC8A1CF87D640025F757 /* 11.png in Resources */,
				00F9CC851CF87D640025F757 /* 06.png in Resources */,
				00F9CCAD1CF87E220025F757 /* vegoLogin.png in Resources */,
				00F9CC8C1CF87D640025F757 /* daysF.png in Resources */,
			);
			runOnlyForDeploymentPostprocessing = 0;
		};
		B5CFC0401CEF419E00CBA04D /* Resources */ = {
			isa = PBXResourcesBuildPhase;
			buildActionMask = 2147483647;
			files = (
			);
			runOnlyForDeploymentPostprocessing = 0;
		};
		B5CFC04B1CEF419E00CBA04D /* Resources */ = {
			isa = PBXResourcesBuildPhase;
			buildActionMask = 2147483647;
			files = (
			);
			runOnlyForDeploymentPostprocessing = 0;
		};
/* End PBXResourcesBuildPhase section */

/* Begin PBXSourcesBuildPhase section */
		B5CFC0271CEF419E00CBA04D /* Sources */ = {
			isa = PBXSourcesBuildPhase;
			buildActionMask = 2147483647;
			files = (
				0045898E1CF0A061001F8E91 /* RestaurantTableViewCell.swift in Sources */,
				00F9CCBA1CF88C6F0025F757 /* PledgeViewController.swift in Sources */,
				00F9CCBD1CF88C6F0025F757 /* TextField.swift in Sources */,
				B5CFC0371CEF419E00CBA04D /* Vego.xcdatamodeld in Sources */,
				B5CFC0311CEF419E00CBA04D /* LoginViewController.swift in Sources */,
				004589B41CF2C685001F8E91 /* Recability.swift in Sources */,
				00F9CCBB1CF88C6F0025F757 /* RecipeDetailTableViewController.swift in Sources */,
				0045898C1CF099DA001F8E91 /* RestaurantTableViewController.swift in Sources */,
				B5CFC02F1CEF419E00CBA04D /* AppDelegate.swift in Sources */,
				00F9CCBC1CF88C6F0025F757 /* SignUpViewController.swift in Sources */,
				004589921CF1852D001F8E91 /* RestaurantDetailViewController.swift in Sources */,
				004589901CF13B5F001F8E91 /* HomeViewController.swift in Sources */,
				00F9CCB91CF88C6F0025F757 /* AddPledgeViewController.swift in Sources */,
				004589B81CF2E427001F8E91 /* Restaurant.swift in Sources */,
				00F9CC5D1CF8679E0025F757 /* DataService.swift in Sources */,
			);
			runOnlyForDeploymentPostprocessing = 0;
		};
		B5CFC03E1CEF419E00CBA04D /* Sources */ = {
			isa = PBXSourcesBuildPhase;
			buildActionMask = 2147483647;
			files = (
				B5CFC0471CEF419E00CBA04D /* VegoTests.swift in Sources */,
			);
			runOnlyForDeploymentPostprocessing = 0;
		};
		B5CFC0491CEF419E00CBA04D /* Sources */ = {
			isa = PBXSourcesBuildPhase;
			buildActionMask = 2147483647;
			files = (
				B5CFC0521CEF419E00CBA04D /* VegoUITests.swift in Sources */,
			);
			runOnlyForDeploymentPostprocessing = 0;
		};
/* End PBXSourcesBuildPhase section */

/* Begin PBXTargetDependency section */
		B5CFC0441CEF419E00CBA04D /* PBXTargetDependency */ = {
			isa = PBXTargetDependency;
			target = B5CFC02A1CEF419E00CBA04D /* Vego */;
			targetProxy = B5CFC0431CEF419E00CBA04D /* PBXContainerItemProxy */;
		};
		B5CFC04F1CEF419E00CBA04D /* PBXTargetDependency */ = {
			isa = PBXTargetDependency;
			target = B5CFC02A1CEF419E00CBA04D /* Vego */;
			targetProxy = B5CFC04E1CEF419E00CBA04D /* PBXContainerItemProxy */;
		};
/* End PBXTargetDependency section */

/* Begin PBXVariantGroup section */
		B5CFC0321CEF419E00CBA04D /* Main.storyboard */ = {
			isa = PBXVariantGroup;
			children = (
				B5CFC0331CEF419E00CBA04D /* Base */,
			);
			name = Main.storyboard;
			sourceTree = "<group>";
		};
		B5CFC03A1CEF419E00CBA04D /* LaunchScreen.storyboard */ = {
			isa = PBXVariantGroup;
			children = (
				B5CFC03B1CEF419E00CBA04D /* Base */,
			);
			name = LaunchScreen.storyboard;
			sourceTree = "<group>";
		};
/* End PBXVariantGroup section */

/* Begin XCBuildConfiguration section */
		B5CFC0541CEF419E00CBA04D /* Debug */ = {
			isa = XCBuildConfiguration;
			buildSettings = {
				ALWAYS_SEARCH_USER_PATHS = NO;
				CLANG_ANALYZER_NONNULL = YES;
				CLANG_CXX_LANGUAGE_STANDARD = "gnu++0x";
				CLANG_CXX_LIBRARY = "libc++";
				CLANG_ENABLE_MODULES = YES;
				CLANG_ENABLE_OBJC_ARC = YES;
				CLANG_WARN_BOOL_CONVERSION = YES;
				CLANG_WARN_CONSTANT_CONVERSION = YES;
				CLANG_WARN_DIRECT_OBJC_ISA_USAGE = YES_ERROR;
				CLANG_WARN_EMPTY_BODY = YES;
				CLANG_WARN_ENUM_CONVERSION = YES;
				CLANG_WARN_INT_CONVERSION = YES;
				CLANG_WARN_OBJC_ROOT_CLASS = YES_ERROR;
				CLANG_WARN_UNREACHABLE_CODE = YES;
				CLANG_WARN__DUPLICATE_METHOD_MATCH = YES;
				"CODE_SIGN_IDENTITY[sdk=iphoneos*]" = "iPhone Developer";
				COPY_PHASE_STRIP = NO;
				DEBUG_INFORMATION_FORMAT = dwarf;
				ENABLE_STRICT_OBJC_MSGSEND = YES;
				ENABLE_TESTABILITY = YES;
				FRAMEWORK_SEARCH_PATHS = "$(SRCROOT)/**";
				GCC_C_LANGUAGE_STANDARD = gnu99;
				GCC_DYNAMIC_NO_PIC = NO;
				GCC_NO_COMMON_BLOCKS = YES;
				GCC_OPTIMIZATION_LEVEL = 0;
				GCC_PREPROCESSOR_DEFINITIONS = (
					"DEBUG=1",
					"$(inherited)",
				);
				GCC_WARN_64_TO_32_BIT_CONVERSION = YES;
				GCC_WARN_ABOUT_RETURN_TYPE = YES_ERROR;
				GCC_WARN_UNDECLARED_SELECTOR = YES;
				GCC_WARN_UNINITIALIZED_AUTOS = YES_AGGRESSIVE;
				GCC_WARN_UNUSED_FUNCTION = YES;
				GCC_WARN_UNUSED_VARIABLE = YES;
				IPHONEOS_DEPLOYMENT_TARGET = 9.3;
				MTL_ENABLE_DEBUG_INFO = YES;
				ONLY_ACTIVE_ARCH = YES;
				SDKROOT = iphoneos;
				SWIFT_OPTIMIZATION_LEVEL = "-Onone";
			};
			name = Debug;
		};
		B5CFC0551CEF419E00CBA04D /* Release */ = {
			isa = XCBuildConfiguration;
			buildSettings = {
				ALWAYS_SEARCH_USER_PATHS = NO;
				CLANG_ANALYZER_NONNULL = YES;
				CLANG_CXX_LANGUAGE_STANDARD = "gnu++0x";
				CLANG_CXX_LIBRARY = "libc++";
				CLANG_ENABLE_MODULES = YES;
				CLANG_ENABLE_OBJC_ARC = YES;
				CLANG_WARN_BOOL_CONVERSION = YES;
				CLANG_WARN_CONSTANT_CONVERSION = YES;
				CLANG_WARN_DIRECT_OBJC_ISA_USAGE = YES_ERROR;
				CLANG_WARN_EMPTY_BODY = YES;
				CLANG_WARN_ENUM_CONVERSION = YES;
				CLANG_WARN_INT_CONVERSION = YES;
				CLANG_WARN_OBJC_ROOT_CLASS = YES_ERROR;
				CLANG_WARN_UNREACHABLE_CODE = YES;
				CLANG_WARN__DUPLICATE_METHOD_MATCH = YES;
				"CODE_SIGN_IDENTITY[sdk=iphoneos*]" = "iPhone Developer";
				COPY_PHASE_STRIP = NO;
				DEBUG_INFORMATION_FORMAT = "dwarf-with-dsym";
				ENABLE_NS_ASSERTIONS = NO;
				ENABLE_STRICT_OBJC_MSGSEND = YES;
				FRAMEWORK_SEARCH_PATHS = "$(SRCROOT)/**";
				GCC_C_LANGUAGE_STANDARD = gnu99;
				GCC_NO_COMMON_BLOCKS = YES;
				GCC_WARN_64_TO_32_BIT_CONVERSION = YES;
				GCC_WARN_ABOUT_RETURN_TYPE = YES_ERROR;
				GCC_WARN_UNDECLARED_SELECTOR = YES;
				GCC_WARN_UNINITIALIZED_AUTOS = YES_AGGRESSIVE;
				GCC_WARN_UNUSED_FUNCTION = YES;
				GCC_WARN_UNUSED_VARIABLE = YES;
				IPHONEOS_DEPLOYMENT_TARGET = 9.3;
				MTL_ENABLE_DEBUG_INFO = NO;
				SDKROOT = iphoneos;
				VALIDATE_PRODUCT = YES;
			};
			name = Release;
		};
		B5CFC0571CEF419E00CBA04D /* Debug */ = {
			isa = XCBuildConfiguration;
			buildSettings = {
				ASSETCATALOG_COMPILER_APPICON_NAME = AppIcon;
				CODE_SIGN_IDENTITY = "iPhone Developer";
				"CODE_SIGN_IDENTITY[sdk=iphoneos*]" = "iPhone Developer";
				FRAMEWORK_SEARCH_PATHS = (
					"$(SRCROOT)",
					"$(PROJECT_DIR)",
				);
				INFOPLIST_FILE = Vego/Info.plist;
				IPHONEOS_DEPLOYMENT_TARGET = 9.1;
				LD_RUNPATH_SEARCH_PATHS = "$(inherited) @executable_path/Frameworks";
				OTHER_LDFLAGS = "-ObjC";
				PRODUCT_BUNDLE_IDENTIFIER = au.edu.uow.Vego;
				PRODUCT_NAME = "$(TARGET_NAME)";
				PROVISIONING_PROFILE = "";
			};
			name = Debug;
		};
		B5CFC0581CEF419E00CBA04D /* Release */ = {
			isa = XCBuildConfiguration;
			buildSettings = {
				ASSETCATALOG_COMPILER_APPICON_NAME = AppIcon;
				CODE_SIGN_IDENTITY = "iPhone Developer";
				"CODE_SIGN_IDENTITY[sdk=iphoneos*]" = "iPhone Developer";
				FRAMEWORK_SEARCH_PATHS = (
					"$(SRCROOT)",
					"$(PROJECT_DIR)",
				);
				INFOPLIST_FILE = Vego/Info.plist;
				IPHONEOS_DEPLOYMENT_TARGET = 9.1;
				LD_RUNPATH_SEARCH_PATHS = "$(inherited) @executable_path/Frameworks";
				OTHER_LDFLAGS = "-ObjC";
				PRODUCT_BUNDLE_IDENTIFIER = au.edu.uow.Vego;
				PRODUCT_NAME = "$(TARGET_NAME)";
				PROVISIONING_PROFILE = "";
			};
			name = Release;
		};
		B5CFC05A1CEF419E00CBA04D /* Debug */ = {
			isa = XCBuildConfiguration;
			buildSettings = {
				BUNDLE_LOADER = "$(TEST_HOST)";
				INFOPLIST_FILE = VegoTests/Info.plist;
				LD_RUNPATH_SEARCH_PATHS = "$(inherited) @executable_path/Frameworks @loader_path/Frameworks";
				PRODUCT_BUNDLE_IDENTIFIER = au.edu.uow.VegoTests;
				PRODUCT_NAME = "$(TARGET_NAME)";
				TEST_HOST = "$(BUILT_PRODUCTS_DIR)/Vego.app/Vego";
			};
			name = Debug;
		};
		B5CFC05B1CEF419E00CBA04D /* Release */ = {
			isa = XCBuildConfiguration;
			buildSettings = {
				BUNDLE_LOADER = "$(TEST_HOST)";
				INFOPLIST_FILE = VegoTests/Info.plist;
				LD_RUNPATH_SEARCH_PATHS = "$(inherited) @executable_path/Frameworks @loader_path/Frameworks";
				PRODUCT_BUNDLE_IDENTIFIER = au.edu.uow.VegoTests;
				PRODUCT_NAME = "$(TARGET_NAME)";
				TEST_HOST = "$(BUILT_PRODUCTS_DIR)/Vego.app/Vego";
			};
			name = Release;
		};
		B5CFC05D1CEF419E00CBA04D /* Debug */ = {
			isa = XCBuildConfiguration;
			buildSettings = {
				INFOPLIST_FILE = VegoUITests/Info.plist;
				LD_RUNPATH_SEARCH_PATHS = "$(inherited) @executable_path/Frameworks @loader_path/Frameworks";
				PRODUCT_BUNDLE_IDENTIFIER = au.edu.uow.VegoUITests;
				PRODUCT_NAME = "$(TARGET_NAME)";
				TEST_TARGET_NAME = Vego;
			};
			name = Debug;
		};
		B5CFC05E1CEF419E00CBA04D /* Release */ = {
			isa = XCBuildConfiguration;
			buildSettings = {
				INFOPLIST_FILE = VegoUITests/Info.plist;
				LD_RUNPATH_SEARCH_PATHS = "$(inherited) @executable_path/Frameworks @loader_path/Frameworks";
				PRODUCT_BUNDLE_IDENTIFIER = au.edu.uow.VegoUITests;
				PRODUCT_NAME = "$(TARGET_NAME)";
				TEST_TARGET_NAME = Vego;
			};
			name = Release;
		};
/* End XCBuildConfiguration section */

/* Begin XCConfigurationList section */
		B5CFC0261CEF419E00CBA04D /* Build configuration list for PBXProject "Vego" */ = {
			isa = XCConfigurationList;
			buildConfigurations = (
				B5CFC0541CEF419E00CBA04D /* Debug */,
				B5CFC0551CEF419E00CBA04D /* Release */,
			);
			defaultConfigurationIsVisible = 0;
			defaultConfigurationName = Release;
		};
		B5CFC0561CEF419E00CBA04D /* Build configuration list for PBXNativeTarget "Vego" */ = {
			isa = XCConfigurationList;
			buildConfigurations = (
				B5CFC0571CEF419E00CBA04D /* Debug */,
				B5CFC0581CEF419E00CBA04D /* Release */,
			);
			defaultConfigurationIsVisible = 0;
			defaultConfigurationName = Release;
		};
		B5CFC0591CEF419E00CBA04D /* Build configuration list for PBXNativeTarget "VegoTests" */ = {
			isa = XCConfigurationList;
			buildConfigurations = (
				B5CFC05A1CEF419E00CBA04D /* Debug */,
				B5CFC05B1CEF419E00CBA04D /* Release */,
			);
			defaultConfigurationIsVisible = 0;
			defaultConfigurationName = Release;
		};
		B5CFC05C1CEF419E00CBA04D /* Build configuration list for PBXNativeTarget "VegoUITests" */ = {
			isa = XCConfigurationList;
			buildConfigurations = (
				B5CFC05D1CEF419E00CBA04D /* Debug */,
				B5CFC05E1CEF419E00CBA04D /* Release */,
			);
			defaultConfigurationIsVisible = 0;
			defaultConfigurationName = Release;
		};
/* End XCConfigurationList section */

/* Begin XCVersionGroup section */
		B5CFC0351CEF419E00CBA04D /* Vego.xcdatamodeld */ = {
			isa = XCVersionGroup;
			children = (
				B5CFC0361CEF419E00CBA04D /* Vego.xcdatamodel */,
			);
			currentVersion = B5CFC0361CEF419E00CBA04D /* Vego.xcdatamodel */;
			path = Vego.xcdatamodeld;
			sourceTree = "<group>";
			versionGroupType = wrapper.xcdatamodel;
		};
/* End XCVersionGroup section */
	};
	rootObject = B5CFC0231CEF419E00CBA04D /* Project object */;
}
